// !$*UTF8*$!
{
	archiveVersion = 1;
	classes = {
	};
	objectVersion = 55;
	objects = {

/* Begin PBXBuildFile section */
		0C651E8B2741586400C51692 /* WatchListViewModel.swift in Sources */ = {isa = PBXBuildFile; fileRef = 0C651E8A2741586400C51692 /* WatchListViewModel.swift */; };
		0C651E8D27415A6800C51692 /* Request+WatchList.swift in Sources */ = {isa = PBXBuildFile; fileRef = 0C651E8C27415A6800C51692 /* Request+WatchList.swift */; };
		0C651E8F27415A7800C51692 /* Interface+WatchList.swift in Sources */ = {isa = PBXBuildFile; fileRef = 0C651E8E27415A7800C51692 /* Interface+WatchList.swift */; };
		0C960CAC27425FFF00EF96AB /* Category.swift in Sources */ = {isa = PBXBuildFile; fileRef = 0C960CAB27425FFF00EF96AB /* Category.swift */; };
		440DD603272E982D00758AD9 /* VMGlobal.swift in Sources */ = {isa = PBXBuildFile; fileRef = 440DD602272E982D00758AD9 /* VMGlobal.swift */; };
		44159B5F2736AF880077F3FF /* IconButton.swift in Sources */ = {isa = PBXBuildFile; fileRef = 44159B5C2736AF880077F3FF /* IconButton.swift */; };
		44159B602736AF880077F3FF /* FilledButton.swift in Sources */ = {isa = PBXBuildFile; fileRef = 44159B5D2736AF880077F3FF /* FilledButton.swift */; };
		44159B612736AF880077F3FF /* SharingButton.swift in Sources */ = {isa = PBXBuildFile; fileRef = 44159B5E2736AF880077F3FF /* SharingButton.swift */; };
		44159B652736AF900077F3FF /* NavigationBarView.swift in Sources */ = {isa = PBXBuildFile; fileRef = 44159B632736AF900077F3FF /* NavigationBarView.swift */; };
		44159B662736AF900077F3FF /* ToolbarView.swift in Sources */ = {isa = PBXBuildFile; fileRef = 44159B642736AF900077F3FF /* ToolbarView.swift */; };
		44159B702736AF990077F3FF /* DatePickerViewModel.swift in Sources */ = {isa = PBXBuildFile; fileRef = 44159B692736AF990077F3FF /* DatePickerViewModel.swift */; };
		44159B712736AF990077F3FF /* DatePickerModel.swift in Sources */ = {isa = PBXBuildFile; fileRef = 44159B6B2736AF990077F3FF /* DatePickerModel.swift */; };
		44159B722736AF990077F3FF /* DatePickerList.swift in Sources */ = {isa = PBXBuildFile; fileRef = 44159B6D2736AF990077F3FF /* DatePickerList.swift */; };
		44159B732736AF990077F3FF /* DatePickerView.swift in Sources */ = {isa = PBXBuildFile; fileRef = 44159B6E2736AF990077F3FF /* DatePickerView.swift */; };
		44159B742736AF990077F3FF /* DatePickerPopOverView.swift in Sources */ = {isa = PBXBuildFile; fileRef = 44159B6F2736AF990077F3FF /* DatePickerPopOverView.swift */; };
		44159B782736B0910077F3FF /* WatchlistModel.swift in Sources */ = {isa = PBXBuildFile; fileRef = 44159B762736B0900077F3FF /* WatchlistModel.swift */; };
		44159B7B2736B0EB0077F3FF /* DashboardModel.swift in Sources */ = {isa = PBXBuildFile; fileRef = 44159B792736B0EB0077F3FF /* DashboardModel.swift */; };
		44159B7C2736B0EB0077F3FF /* WatchlistViewModel.swift in Sources */ = {isa = PBXBuildFile; fileRef = 44159B7A2736B0EB0077F3FF /* WatchlistViewModel.swift */; };
		44190F40273A61980091ADFB /* DashboardViewModel.swift in Sources */ = {isa = PBXBuildFile; fileRef = 44190F3F273A61980091ADFB /* DashboardViewModel.swift */; };
		4454BDE3272F9C9D0012E4A4 /* Extension+Color.swift in Sources */ = {isa = PBXBuildFile; fileRef = 4454BDE2272F9C9D0012E4A4 /* Extension+Color.swift */; };
		4454BDE8272FA6600012E4A4 /* Constants.swift in Sources */ = {isa = PBXBuildFile; fileRef = 4454BDE7272FA6600012E4A4 /* Constants.swift */; };
		44558F0F2728688F00DEE0EF /* NaticsApp.swift in Sources */ = {isa = PBXBuildFile; fileRef = 44558F0E2728688F00DEE0EF /* NaticsApp.swift */; };
		44558F112728688F00DEE0EF /* ContentView.swift in Sources */ = {isa = PBXBuildFile; fileRef = 44558F102728688F00DEE0EF /* ContentView.swift */; };
		44558F132728689100DEE0EF /* Assets.xcassets in Resources */ = {isa = PBXBuildFile; fileRef = 44558F122728689100DEE0EF /* Assets.xcassets */; };
		44558F162728689100DEE0EF /* Preview Assets.xcassets in Resources */ = {isa = PBXBuildFile; fileRef = 44558F152728689100DEE0EF /* Preview Assets.xcassets */; };
		4495344E27323FA200CADA9F /* MCGenericResponseModel.swift in Sources */ = {isa = PBXBuildFile; fileRef = 4495344D27323FA200CADA9F /* MCGenericResponseModel.swift */; };
		4495345127327D5F00CADA9F /* Interface.swift in Sources */ = {isa = PBXBuildFile; fileRef = 4495345027327D5F00CADA9F /* Interface.swift */; };
		44953453273280AD00CADA9F /* Extension+Encodable.swift in Sources */ = {isa = PBXBuildFile; fileRef = 44953452273280AD00CADA9F /* Extension+Encodable.swift */; };
		449534552732819900CADA9F /* Connection.swift in Sources */ = {isa = PBXBuildFile; fileRef = 449534542732819900CADA9F /* Connection.swift */; };
		449534572732822200CADA9F /* Connector.swift in Sources */ = {isa = PBXBuildFile; fileRef = 449534562732822200CADA9F /* Connector.swift */; };
		4495345B2733A19B00CADA9F /* Interface+Region.swift in Sources */ = {isa = PBXBuildFile; fileRef = 4495345A2733A19B00CADA9F /* Interface+Region.swift */; };
		4495345D2733B55600CADA9F /* Request+Region.swift in Sources */ = {isa = PBXBuildFile; fileRef = 4495345C2733B55600CADA9F /* Request+Region.swift */; };
		4495345F2733B79D00CADA9F /* RegionModel.swift in Sources */ = {isa = PBXBuildFile; fileRef = 4495345E2733B79D00CADA9F /* RegionModel.swift */; };
		44B1A14C275C9F49002DF0A7 /* UserViewModel.swift in Sources */ = {isa = PBXBuildFile; fileRef = 44B1A14B275C9F49002DF0A7 /* UserViewModel.swift */; };
		44B3B4EA273D03AD006829E8 /* ContohViewModel.swift in Sources */ = {isa = PBXBuildFile; fileRef = 44B3B4E9273D03AD006829E8 /* ContohViewModel.swift */; };
		44DE84B527371A8C0034DBA2 /* TrendingLocationBarChartView.swift in Sources */ = {isa = PBXBuildFile; fileRef = 44DE84B327371A8C0034DBA2 /* TrendingLocationBarChartView.swift */; };
		44DE84B627371A8C0034DBA2 /* HeatMapModel.swift in Sources */ = {isa = PBXBuildFile; fileRef = 44DE84B427371A8C0034DBA2 /* HeatMapModel.swift */; };
		44DE84B827371ABB0034DBA2 /* MapEvent.swift in Sources */ = {isa = PBXBuildFile; fileRef = 44DE84B727371ABB0034DBA2 /* MapEvent.swift */; };
		44DE84BB27371B5D0034DBA2 /* MapLegendIndicator.swift in Sources */ = {isa = PBXBuildFile; fileRef = 44DE84B927371B5D0034DBA2 /* MapLegendIndicator.swift */; };
		44DE84BC27371B5D0034DBA2 /* ExportButton.swift in Sources */ = {isa = PBXBuildFile; fileRef = 44DE84BA27371B5D0034DBA2 /* ExportButton.swift */; };
		44DE84C027371BD10034DBA2 /* GeoJSON.swift in Sources */ = {isa = PBXBuildFile; fileRef = 44DE84BD27371BD10034DBA2 /* GeoJSON.swift */; };
		44DE84C127371BD10034DBA2 /* HeatMapViewModel.swift in Sources */ = {isa = PBXBuildFile; fileRef = 44DE84BE27371BD10034DBA2 /* HeatMapViewModel.swift */; };
		44DE84C227371BD10034DBA2 /* TrendsViewModel.swift in Sources */ = {isa = PBXBuildFile; fileRef = 44DE84BF27371BD10034DBA2 /* TrendsViewModel.swift */; };
		44DE84C527371CD10034DBA2 /* Charts in Frameworks */ = {isa = PBXBuildFile; productRef = 44DE84C427371CD10034DBA2 /* Charts */; };
		44DE84C727371D6A0034DBA2 /* IndonesiaGeoJSONProvinces.geojson in Resources */ = {isa = PBXBuildFile; fileRef = 44DE84C627371D6A0034DBA2 /* IndonesiaGeoJSONProvinces.geojson */; };
		44FB2AD5273E0F4800231317 /* AddWatchlistCell.swift in Sources */ = {isa = PBXBuildFile; fileRef = 44FB2AD4273E0F4800231317 /* AddWatchlistCell.swift */; };
		44FB2AD7273E104100231317 /* AddWatchlistView.swift in Sources */ = {isa = PBXBuildFile; fileRef = 44FB2AD6273E104100231317 /* AddWatchlistView.swift */; };
		44FB2ADC2742772300231317 /* MCSearchBar.swift in Sources */ = {isa = PBXBuildFile; fileRef = 44FB2ADB2742772200231317 /* MCSearchBar.swift */; };
		44FB2AE12742A1FD00231317 /* AddWatchlistViewModel.swift in Sources */ = {isa = PBXBuildFile; fileRef = 44FB2AE02742A1FD00231317 /* AddWatchlistViewModel.swift */; };
		44FB2AE32742D5BE00231317 /* Request+Animals.swift in Sources */ = {isa = PBXBuildFile; fileRef = 44FB2AE22742D5BE00231317 /* Request+Animals.swift */; };
		44FB2AE52742D5CC00231317 /* Interface+Animals.swift in Sources */ = {isa = PBXBuildFile; fileRef = 44FB2AE42742D5CC00231317 /* Interface+Animals.swift */; };
		44FB2AE72742D5E100231317 /* Interface+Organizations.swift in Sources */ = {isa = PBXBuildFile; fileRef = 44FB2AE62742D5E100231317 /* Interface+Organizations.swift */; };
		44FB2AE92742D5ED00231317 /* Request+Organizations.swift in Sources */ = {isa = PBXBuildFile; fileRef = 44FB2AE82742D5ED00231317 /* Request+Organizations.swift */; };
		44FB2AEB2742D5FE00231317 /* Interface+Sites.swift in Sources */ = {isa = PBXBuildFile; fileRef = 44FB2AEA2742D5FE00231317 /* Interface+Sites.swift */; };
		44FB2AED2742D60B00231317 /* Request+Sites.swift in Sources */ = {isa = PBXBuildFile; fileRef = 44FB2AEC2742D60B00231317 /* Request+Sites.swift */; };
		44FB2AEF2742D63000231317 /* Interface+News.swift in Sources */ = {isa = PBXBuildFile; fileRef = 44FB2AEE2742D63000231317 /* Interface+News.swift */; };
		44FB2AF12742D63C00231317 /* Request+News.swift in Sources */ = {isa = PBXBuildFile; fileRef = 44FB2AF02742D63C00231317 /* Request+News.swift */; };
		44FB2AF32742D64600231317 /* Request+Users.swift in Sources */ = {isa = PBXBuildFile; fileRef = 44FB2AF22742D64600231317 /* Request+Users.swift */; };
		44FB2AF52742D65300231317 /* Interface+Users.swift in Sources */ = {isa = PBXBuildFile; fileRef = 44FB2AF42742D65300231317 /* Interface+Users.swift */; };
		44FB2AF72742D66600231317 /* Interface+Auth.swift in Sources */ = {isa = PBXBuildFile; fileRef = 44FB2AF62742D66600231317 /* Interface+Auth.swift */; };
		44FB2AF92742D66F00231317 /* Request+Auth.swift in Sources */ = {isa = PBXBuildFile; fileRef = 44FB2AF82742D66F00231317 /* Request+Auth.swift */; };
		44FB2AFC27430A6D00231317 /* Helper+Date.swift in Sources */ = {isa = PBXBuildFile; fileRef = 44FB2AFB27430A6D00231317 /* Helper+Date.swift */; };
		44FB2AFE274312F700231317 /* Extension+String.swift in Sources */ = {isa = PBXBuildFile; fileRef = 44FB2AFD274312F700231317 /* Extension+String.swift */; };
		4936C5B2275507AB00D29206 /* HeatMapRegionHighlight.swift in Sources */ = {isa = PBXBuildFile; fileRef = 4936C5B1275507AB00D29206 /* HeatMapRegionHighlight.swift */; };
		49468240272F9FE700C92AEE /* SideBarView.swift in Sources */ = {isa = PBXBuildFile; fileRef = 4946823F272F9FE700C92AEE /* SideBarView.swift */; };
		49468242272FA08A00C92AEE /* SiderBarViewModel.swift in Sources */ = {isa = PBXBuildFile; fileRef = 49468241272FA08A00C92AEE /* SiderBarViewModel.swift */; };
		49468250272FA61800C92AEE /* TrendsView.swift in Sources */ = {isa = PBXBuildFile; fileRef = 4946824F272FA61800C92AEE /* TrendsView.swift */; };
		49468252272FA62300C92AEE /* CasesView.swift in Sources */ = {isa = PBXBuildFile; fileRef = 49468251272FA62300C92AEE /* CasesView.swift */; };
		49468254272FA63400C92AEE /* SettingsView.swift in Sources */ = {isa = PBXBuildFile; fileRef = 49468253272FA63400C92AEE /* SettingsView.swift */; };
		49468257272FAB1200C92AEE /* SideBarModel.swift in Sources */ = {isa = PBXBuildFile; fileRef = 49468256272FAB1100C92AEE /* SideBarModel.swift */; };
		49468259272FBC8000C92AEE /* DashboardView.swift in Sources */ = {isa = PBXBuildFile; fileRef = 49468258272FBC8000C92AEE /* DashboardView.swift */; };
		4946825B272FBD2000C92AEE /* WatchListView.swift in Sources */ = {isa = PBXBuildFile; fileRef = 4946825A272FBD2000C92AEE /* WatchListView.swift */; };
		49615AA727420AA500339936 /* Interface+Trending.swift in Sources */ = {isa = PBXBuildFile; fileRef = 49615AA627420AA500339936 /* Interface+Trending.swift */; };
		49615AA927420C0400339936 /* Request+Trending.swift in Sources */ = {isa = PBXBuildFile; fileRef = 49615AA827420C0400339936 /* Request+Trending.swift */; };
		49615AAB27420C7E00339936 /* TrendingModel.swift in Sources */ = {isa = PBXBuildFile; fileRef = 49615AAA27420C7E00339936 /* TrendingModel.swift */; };
		49615AAD27420E5A00339936 /* TrendingProvinceViewModel.swift in Sources */ = {isa = PBXBuildFile; fileRef = 49615AAC27420E5A00339936 /* TrendingProvinceViewModel.swift */; };
		498E17E7273BA0A30079BC2B /* HeatMapView.swift in Sources */ = {isa = PBXBuildFile; fileRef = 498E17E6273BA0A30079BC2B /* HeatMapView.swift */; };
		49C635FA2756796B00AFA0EB /* NotificationRow.swift in Sources */ = {isa = PBXBuildFile; fileRef = 49C635F92756796B00AFA0EB /* NotificationRow.swift */; };
		49C635FC27567D0C00AFA0EB /* NotificationPopOverView.swift in Sources */ = {isa = PBXBuildFile; fileRef = 49C635FB27567D0C00AFA0EB /* NotificationPopOverView.swift */; };
		49C635FE27567E0E00AFA0EB /* NotificationViewModel.swift in Sources */ = {isa = PBXBuildFile; fileRef = 49C635FD27567E0E00AFA0EB /* NotificationViewModel.swift */; };
		49C6360027567E2000AFA0EB /* NotificationModel.swift in Sources */ = {isa = PBXBuildFile; fileRef = 49C635FF27567E2000AFA0EB /* NotificationModel.swift */; };
		49C6360227567FE800AFA0EB /* Extension+View.swift in Sources */ = {isa = PBXBuildFile; fileRef = 49C6360127567FE800AFA0EB /* Extension+View.swift */; };
		49C636052756809000AFA0EB /* EdgeBorder.swift in Sources */ = {isa = PBXBuildFile; fileRef = 49C636042756809000AFA0EB /* EdgeBorder.swift */; };
		49CD36E72757E6C1008D95D0 /* TextButton.swift in Sources */ = {isa = PBXBuildFile; fileRef = 49CD36E62757E6C1008D95D0 /* TextButton.swift */; };
		49CD36E92757E8B3008D95D0 /* NotificationLabelButton.swift in Sources */ = {isa = PBXBuildFile; fileRef = 49CD36E82757E8B3008D95D0 /* NotificationLabelButton.swift */; };
		49E475EC275F8D4E00CDC434 /* CaseEditPopUpView.swift in Sources */ = {isa = PBXBuildFile; fileRef = 49E475EB275F8D4E00CDC434 /* CaseEditPopUpView.swift */; };
		49E475EE275F8D7500CDC434 /* Extension+Array.swift in Sources */ = {isa = PBXBuildFile; fileRef = 49E475ED275F8D7500CDC434 /* Extension+Array.swift */; };
		49E475F0275F8D7D00CDC434 /* Extension+ViewStack.swift in Sources */ = {isa = PBXBuildFile; fileRef = 49E475EF275F8D7D00CDC434 /* Extension+ViewStack.swift */; };
		49E475F5275F8DAA00CDC434 /* SearchBarView.swift in Sources */ = {isa = PBXBuildFile; fileRef = 49E475F2275F8DAA00CDC434 /* SearchBarView.swift */; };
		49E475F6275F8DAA00CDC434 /* SearchBarRow.swift in Sources */ = {isa = PBXBuildFile; fileRef = 49E475F3275F8DAA00CDC434 /* SearchBarRow.swift */; };
		49E475F7275F8DAA00CDC434 /* SearchBarRowLabel.swift in Sources */ = {isa = PBXBuildFile; fileRef = 49E475F4275F8DAA00CDC434 /* SearchBarRowLabel.swift */; };
		49E475F9275F8DCD00CDC434 /* LabelButton.swift in Sources */ = {isa = PBXBuildFile; fileRef = 49E475F8275F8DCD00CDC434 /* LabelButton.swift */; };
		49E475FC275F8DFB00CDC434 /* HyperlinkText.swift in Sources */ = {isa = PBXBuildFile; fileRef = 49E475FB275F8DFB00CDC434 /* HyperlinkText.swift */; };
		49E475FE275FC29C00CDC434 /* DownloadShareButtonViewModel.swift in Sources */ = {isa = PBXBuildFile; fileRef = 49E475FD275FC29C00CDC434 /* DownloadShareButtonViewModel.swift */; };
		49F340C62743729200969389 /* TrendingRisingCaseViewModel.swift in Sources */ = {isa = PBXBuildFile; fileRef = 49F340C52743729200969389 /* TrendingRisingCaseViewModel.swift */; };
		4E15B5AC274259D700F5C0CF /* Interface+Cases.swift in Sources */ = {isa = PBXBuildFile; fileRef = 4E15B5AB274259D700F5C0CF /* Interface+Cases.swift */; };
		4E15B5AE27425B6B00F5C0CF /* Request+Cases.swift in Sources */ = {isa = PBXBuildFile; fileRef = 4E15B5AD27425B6B00F5C0CF /* Request+Cases.swift */; };
		4E15B5B027425EB800F5C0CF /* CasesModel.swift in Sources */ = {isa = PBXBuildFile; fileRef = 4E15B5AF27425EB800F5C0CF /* CasesModel.swift */; };
		4E15B5B32742680600F5C0CF /* CasesViewModel.swift in Sources */ = {isa = PBXBuildFile; fileRef = 4E15B5B22742680600F5C0CF /* CasesViewModel.swift */; };
		4E45CD05273B5FF700AAB02E /* WatchListViewDetail.swift in Sources */ = {isa = PBXBuildFile; fileRef = 4E45CD04273B5FF700AAB02E /* WatchListViewDetail.swift */; };
		4EDD0328273A64C000647011 /* CasesTableRow.swift in Sources */ = {isa = PBXBuildFile; fileRef = 4EDD0327273A64C000647011 /* CasesTableRow.swift */; };
		4EDD032A273A655E00647011 /* CasesTableHeader.swift in Sources */ = {isa = PBXBuildFile; fileRef = 4EDD0329273A655E00647011 /* CasesTableHeader.swift */; };
		4EDD032C273A65D300647011 /* CasesTable.swift in Sources */ = {isa = PBXBuildFile; fileRef = 4EDD032B273A65D300647011 /* CasesTable.swift */; };
		4EE8C21227369A8B00C9AD66 /* Extension+NSTableView.swift in Sources */ = {isa = PBXBuildFile; fileRef = 4EE8C21127369A8B00C9AD66 /* Extension+NSTableView.swift */; };
		4EE8C21627369B2000C9AD66 /* RisingRow.swift in Sources */ = {isa = PBXBuildFile; fileRef = 4EE8C21527369B2000C9AD66 /* RisingRow.swift */; };
		4EE8C21827369BA400C9AD66 /* RisingHeader.swift in Sources */ = {isa = PBXBuildFile; fileRef = 4EE8C21727369BA400C9AD66 /* RisingHeader.swift */; };
		4EE8C21A27369C1500C9AD66 /* RisingCasesTable.swift in Sources */ = {isa = PBXBuildFile; fileRef = 4EE8C21927369C1500C9AD66 /* RisingCasesTable.swift */; };
		4EE8C21D27369CCC00C9AD66 /* RisingCaseTableViewModel.swift in Sources */ = {isa = PBXBuildFile; fileRef = 4EE8C21C27369CCC00C9AD66 /* RisingCaseTableViewModel.swift */; };
		4EFE0A912762005800D596EF /* PushNotifications in Frameworks */ = {isa = PBXBuildFile; productRef = 4EFE0A902762005800D596EF /* PushNotifications */; };
		E75B3F802742E4E700989409 /* TrendingAnimalsViewModel.swift in Sources */ = {isa = PBXBuildFile; fileRef = E75B3F7F2742E4E700989409 /* TrendingAnimalsViewModel.swift */; };
		E75B3F8427436F1B00989409 /* ActiveMediaViewModel.swift in Sources */ = {isa = PBXBuildFile; fileRef = E75B3F8327436F1B00989409 /* ActiveMediaViewModel.swift */; };
		E75B3F8627436F6A00989409 /* ActiveMediaModel.swift in Sources */ = {isa = PBXBuildFile; fileRef = E75B3F8527436F6A00989409 /* ActiveMediaModel.swift */; };
		E75B3F8A2743736C00989409 /* Request+CasesCategories.swift in Sources */ = {isa = PBXBuildFile; fileRef = E75B3F892743736C00989409 /* Request+CasesCategories.swift */; };
		E75B3F8E2743756E00989409 /* CasesCategoriesViewModel.swift in Sources */ = {isa = PBXBuildFile; fileRef = E75B3F8D2743756E00989409 /* CasesCategoriesViewModel.swift */; };
		E75B3F902743757B00989409 /* CasesCategories.swift in Sources */ = {isa = PBXBuildFile; fileRef = E75B3F8F2743757B00989409 /* CasesCategories.swift */; };
		E75B3F922743789800989409 /* Interface+CasesCategories.swift in Sources */ = {isa = PBXBuildFile; fileRef = E75B3F912743789800989409 /* Interface+CasesCategories.swift */; };
		E75B3F952743D6E700989409 /* PieChartViewCasesCategories.swift in Sources */ = {isa = PBXBuildFile; fileRef = E75B3F942743D6E700989409 /* PieChartViewCasesCategories.swift */; };
		E75B3F972743D6F500989409 /* PieChartCasesCategories.swift in Sources */ = {isa = PBXBuildFile; fileRef = E75B3F962743D6F500989409 /* PieChartCasesCategories.swift */; };
		E75B3F9C2743DFB800989409 /* LanguageSection.swift in Sources */ = {isa = PBXBuildFile; fileRef = E75B3F982743DFB700989409 /* LanguageSection.swift */; };
		E75B3F9D2743DFB800989409 /* NotificationSection.swift in Sources */ = {isa = PBXBuildFile; fileRef = E75B3F992743DFB800989409 /* NotificationSection.swift */; };
		E75B3F9E2743DFB800989409 /* AccountSection.swift in Sources */ = {isa = PBXBuildFile; fileRef = E75B3F9A2743DFB800989409 /* AccountSection.swift */; };
		E75B3F9F2743DFB800989409 /* AppearanceSection.swift in Sources */ = {isa = PBXBuildFile; fileRef = E75B3F9B2743DFB800989409 /* AppearanceSection.swift */; };
		E7A041062738D10600B20B99 /* HighlightCard.swift in Sources */ = {isa = PBXBuildFile; fileRef = E7A041052738D10600B20B99 /* HighlightCard.swift */; };
		E7A041082738D13800B20B99 /* CasesDummy.swift in Sources */ = {isa = PBXBuildFile; fileRef = E7A041072738D13800B20B99 /* CasesDummy.swift */; };
		E7A0410A2738D16B00B20B99 /* BarChart.swift in Sources */ = {isa = PBXBuildFile; fileRef = E7A041092738D16B00B20B99 /* BarChart.swift */; };
		E7A0410E2738D1F700B20B99 /* NumberOfCasesView.swift in Sources */ = {isa = PBXBuildFile; fileRef = E7A0410D2738D1F700B20B99 /* NumberOfCasesView.swift */; };
		E7A041102738D22900B20B99 /* MediaDummy.swift in Sources */ = {isa = PBXBuildFile; fileRef = E7A0410F2738D22900B20B99 /* MediaDummy.swift */; };
		E7A041122738D23900B20B99 /* PieChart.swift in Sources */ = {isa = PBXBuildFile; fileRef = E7A041112738D23900B20B99 /* PieChart.swift */; };
		E7A041142738D24600B20B99 /* PieChartView.swift in Sources */ = {isa = PBXBuildFile; fileRef = E7A041132738D24600B20B99 /* PieChartView.swift */; };
/* End PBXBuildFile section */

/* Begin PBXFileReference section */
		0C651E8A2741586400C51692 /* WatchListViewModel.swift */ = {isa = PBXFileReference; lastKnownFileType = sourcecode.swift; path = WatchListViewModel.swift; sourceTree = "<group>"; };
		0C651E8C27415A6800C51692 /* Request+WatchList.swift */ = {isa = PBXFileReference; lastKnownFileType = sourcecode.swift; path = "Request+WatchList.swift"; sourceTree = "<group>"; };
		0C651E8E27415A7800C51692 /* Interface+WatchList.swift */ = {isa = PBXFileReference; lastKnownFileType = sourcecode.swift; path = "Interface+WatchList.swift"; sourceTree = "<group>"; };
		0C960CAB27425FFF00EF96AB /* Category.swift */ = {isa = PBXFileReference; lastKnownFileType = sourcecode.swift; path = Category.swift; sourceTree = "<group>"; };
		440DD602272E982D00758AD9 /* VMGlobal.swift */ = {isa = PBXFileReference; lastKnownFileType = sourcecode.swift; path = VMGlobal.swift; sourceTree = "<group>"; };
		44159B5C2736AF880077F3FF /* IconButton.swift */ = {isa = PBXFileReference; fileEncoding = 4; lastKnownFileType = sourcecode.swift; path = IconButton.swift; sourceTree = "<group>"; };
		44159B5D2736AF880077F3FF /* FilledButton.swift */ = {isa = PBXFileReference; fileEncoding = 4; lastKnownFileType = sourcecode.swift; path = FilledButton.swift; sourceTree = "<group>"; };
		44159B5E2736AF880077F3FF /* SharingButton.swift */ = {isa = PBXFileReference; fileEncoding = 4; lastKnownFileType = sourcecode.swift; path = SharingButton.swift; sourceTree = "<group>"; };
		44159B632736AF900077F3FF /* NavigationBarView.swift */ = {isa = PBXFileReference; fileEncoding = 4; lastKnownFileType = sourcecode.swift; path = NavigationBarView.swift; sourceTree = "<group>"; };
		44159B642736AF900077F3FF /* ToolbarView.swift */ = {isa = PBXFileReference; fileEncoding = 4; lastKnownFileType = sourcecode.swift; path = ToolbarView.swift; sourceTree = "<group>"; };
		44159B692736AF990077F3FF /* DatePickerViewModel.swift */ = {isa = PBXFileReference; fileEncoding = 4; lastKnownFileType = sourcecode.swift; path = DatePickerViewModel.swift; sourceTree = "<group>"; };
		44159B6B2736AF990077F3FF /* DatePickerModel.swift */ = {isa = PBXFileReference; fileEncoding = 4; lastKnownFileType = sourcecode.swift; path = DatePickerModel.swift; sourceTree = "<group>"; };
		44159B6D2736AF990077F3FF /* DatePickerList.swift */ = {isa = PBXFileReference; fileEncoding = 4; lastKnownFileType = sourcecode.swift; path = DatePickerList.swift; sourceTree = "<group>"; };
		44159B6E2736AF990077F3FF /* DatePickerView.swift */ = {isa = PBXFileReference; fileEncoding = 4; lastKnownFileType = sourcecode.swift; path = DatePickerView.swift; sourceTree = "<group>"; };
		44159B6F2736AF990077F3FF /* DatePickerPopOverView.swift */ = {isa = PBXFileReference; fileEncoding = 4; lastKnownFileType = sourcecode.swift; path = DatePickerPopOverView.swift; sourceTree = "<group>"; };
		44159B762736B0900077F3FF /* WatchlistModel.swift */ = {isa = PBXFileReference; fileEncoding = 4; lastKnownFileType = sourcecode.swift; name = WatchlistModel.swift; path = Natics/Models/WatchlistModel.swift; sourceTree = SOURCE_ROOT; };
		44159B792736B0EB0077F3FF /* DashboardModel.swift */ = {isa = PBXFileReference; fileEncoding = 4; lastKnownFileType = sourcecode.swift; path = DashboardModel.swift; sourceTree = "<group>"; };
		44159B7A2736B0EB0077F3FF /* WatchlistViewModel.swift */ = {isa = PBXFileReference; fileEncoding = 4; lastKnownFileType = sourcecode.swift; path = WatchlistViewModel.swift; sourceTree = "<group>"; };
		44190F3F273A61980091ADFB /* DashboardViewModel.swift */ = {isa = PBXFileReference; fileEncoding = 4; lastKnownFileType = sourcecode.swift; path = DashboardViewModel.swift; sourceTree = "<group>"; };
		4454BDE2272F9C9D0012E4A4 /* Extension+Color.swift */ = {isa = PBXFileReference; lastKnownFileType = sourcecode.swift; path = "Extension+Color.swift"; sourceTree = "<group>"; };
		4454BDE7272FA6600012E4A4 /* Constants.swift */ = {isa = PBXFileReference; lastKnownFileType = sourcecode.swift; path = Constants.swift; sourceTree = "<group>"; };
		44558F0B2728688F00DEE0EF /* Natics.app */ = {isa = PBXFileReference; explicitFileType = wrapper.application; includeInIndex = 0; path = Natics.app; sourceTree = BUILT_PRODUCTS_DIR; };
		44558F0E2728688F00DEE0EF /* NaticsApp.swift */ = {isa = PBXFileReference; lastKnownFileType = sourcecode.swift; path = NaticsApp.swift; sourceTree = "<group>"; };
		44558F102728688F00DEE0EF /* ContentView.swift */ = {isa = PBXFileReference; lastKnownFileType = sourcecode.swift; path = ContentView.swift; sourceTree = "<group>"; };
		44558F122728689100DEE0EF /* Assets.xcassets */ = {isa = PBXFileReference; lastKnownFileType = folder.assetcatalog; path = Assets.xcassets; sourceTree = "<group>"; };
		44558F152728689100DEE0EF /* Preview Assets.xcassets */ = {isa = PBXFileReference; lastKnownFileType = folder.assetcatalog; path = "Preview Assets.xcassets"; sourceTree = "<group>"; };
		44558F172728689100DEE0EF /* Natics.entitlements */ = {isa = PBXFileReference; lastKnownFileType = text.plist.entitlements; path = Natics.entitlements; sourceTree = "<group>"; };
		4495344D27323FA200CADA9F /* MCGenericResponseModel.swift */ = {isa = PBXFileReference; lastKnownFileType = sourcecode.swift; path = MCGenericResponseModel.swift; sourceTree = "<group>"; };
		4495345027327D5F00CADA9F /* Interface.swift */ = {isa = PBXFileReference; lastKnownFileType = sourcecode.swift; path = Interface.swift; sourceTree = "<group>"; };
		44953452273280AD00CADA9F /* Extension+Encodable.swift */ = {isa = PBXFileReference; lastKnownFileType = sourcecode.swift; path = "Extension+Encodable.swift"; sourceTree = "<group>"; };
		449534542732819900CADA9F /* Connection.swift */ = {isa = PBXFileReference; lastKnownFileType = sourcecode.swift; path = Connection.swift; sourceTree = "<group>"; };
		449534562732822200CADA9F /* Connector.swift */ = {isa = PBXFileReference; lastKnownFileType = sourcecode.swift; path = Connector.swift; sourceTree = "<group>"; };
		4495345A2733A19B00CADA9F /* Interface+Region.swift */ = {isa = PBXFileReference; lastKnownFileType = sourcecode.swift; path = "Interface+Region.swift"; sourceTree = "<group>"; };
		4495345C2733B55600CADA9F /* Request+Region.swift */ = {isa = PBXFileReference; lastKnownFileType = sourcecode.swift; path = "Request+Region.swift"; sourceTree = "<group>"; };
		4495345E2733B79D00CADA9F /* RegionModel.swift */ = {isa = PBXFileReference; lastKnownFileType = sourcecode.swift; path = RegionModel.swift; sourceTree = "<group>"; };
		44B1A14B275C9F49002DF0A7 /* UserViewModel.swift */ = {isa = PBXFileReference; lastKnownFileType = sourcecode.swift; path = UserViewModel.swift; sourceTree = "<group>"; };
		44B3B4E9273D03AD006829E8 /* ContohViewModel.swift */ = {isa = PBXFileReference; lastKnownFileType = sourcecode.swift; path = ContohViewModel.swift; sourceTree = "<group>"; };
		44DE84B327371A8C0034DBA2 /* TrendingLocationBarChartView.swift */ = {isa = PBXFileReference; fileEncoding = 4; lastKnownFileType = sourcecode.swift; path = TrendingLocationBarChartView.swift; sourceTree = "<group>"; };
		44DE84B427371A8C0034DBA2 /* HeatMapModel.swift */ = {isa = PBXFileReference; fileEncoding = 4; lastKnownFileType = sourcecode.swift; path = HeatMapModel.swift; sourceTree = "<group>"; };
		44DE84B727371ABB0034DBA2 /* MapEvent.swift */ = {isa = PBXFileReference; fileEncoding = 4; lastKnownFileType = sourcecode.swift; path = MapEvent.swift; sourceTree = "<group>"; };
		44DE84B927371B5D0034DBA2 /* MapLegendIndicator.swift */ = {isa = PBXFileReference; fileEncoding = 4; lastKnownFileType = sourcecode.swift; path = MapLegendIndicator.swift; sourceTree = "<group>"; };
		44DE84BA27371B5D0034DBA2 /* ExportButton.swift */ = {isa = PBXFileReference; fileEncoding = 4; lastKnownFileType = sourcecode.swift; path = ExportButton.swift; sourceTree = "<group>"; };
		44DE84BD27371BD10034DBA2 /* GeoJSON.swift */ = {isa = PBXFileReference; fileEncoding = 4; lastKnownFileType = sourcecode.swift; path = GeoJSON.swift; sourceTree = "<group>"; };
		44DE84BE27371BD10034DBA2 /* HeatMapViewModel.swift */ = {isa = PBXFileReference; fileEncoding = 4; lastKnownFileType = sourcecode.swift; path = HeatMapViewModel.swift; sourceTree = "<group>"; };
		44DE84BF27371BD10034DBA2 /* TrendsViewModel.swift */ = {isa = PBXFileReference; fileEncoding = 4; lastKnownFileType = sourcecode.swift; path = TrendsViewModel.swift; sourceTree = "<group>"; };
		44DE84C627371D6A0034DBA2 /* IndonesiaGeoJSONProvinces.geojson */ = {isa = PBXFileReference; fileEncoding = 4; lastKnownFileType = text; path = IndonesiaGeoJSONProvinces.geojson; sourceTree = "<group>"; };
		44FB2AD4273E0F4800231317 /* AddWatchlistCell.swift */ = {isa = PBXFileReference; lastKnownFileType = sourcecode.swift; path = AddWatchlistCell.swift; sourceTree = "<group>"; };
		44FB2AD6273E104100231317 /* AddWatchlistView.swift */ = {isa = PBXFileReference; lastKnownFileType = sourcecode.swift; path = AddWatchlistView.swift; sourceTree = "<group>"; };
		44FB2ADB2742772200231317 /* MCSearchBar.swift */ = {isa = PBXFileReference; lastKnownFileType = sourcecode.swift; path = MCSearchBar.swift; sourceTree = "<group>"; };
		44FB2AE02742A1FD00231317 /* AddWatchlistViewModel.swift */ = {isa = PBXFileReference; lastKnownFileType = sourcecode.swift; path = AddWatchlistViewModel.swift; sourceTree = "<group>"; };
		44FB2AE22742D5BE00231317 /* Request+Animals.swift */ = {isa = PBXFileReference; lastKnownFileType = sourcecode.swift; path = "Request+Animals.swift"; sourceTree = "<group>"; };
		44FB2AE42742D5CC00231317 /* Interface+Animals.swift */ = {isa = PBXFileReference; lastKnownFileType = sourcecode.swift; path = "Interface+Animals.swift"; sourceTree = "<group>"; };
		44FB2AE62742D5E100231317 /* Interface+Organizations.swift */ = {isa = PBXFileReference; lastKnownFileType = sourcecode.swift; path = "Interface+Organizations.swift"; sourceTree = "<group>"; };
		44FB2AE82742D5ED00231317 /* Request+Organizations.swift */ = {isa = PBXFileReference; lastKnownFileType = sourcecode.swift; path = "Request+Organizations.swift"; sourceTree = "<group>"; };
		44FB2AEA2742D5FE00231317 /* Interface+Sites.swift */ = {isa = PBXFileReference; lastKnownFileType = sourcecode.swift; path = "Interface+Sites.swift"; sourceTree = "<group>"; };
		44FB2AEC2742D60B00231317 /* Request+Sites.swift */ = {isa = PBXFileReference; lastKnownFileType = sourcecode.swift; path = "Request+Sites.swift"; sourceTree = "<group>"; };
		44FB2AEE2742D63000231317 /* Interface+News.swift */ = {isa = PBXFileReference; lastKnownFileType = sourcecode.swift; path = "Interface+News.swift"; sourceTree = "<group>"; };
		44FB2AF02742D63C00231317 /* Request+News.swift */ = {isa = PBXFileReference; lastKnownFileType = sourcecode.swift; path = "Request+News.swift"; sourceTree = "<group>"; };
		44FB2AF22742D64600231317 /* Request+Users.swift */ = {isa = PBXFileReference; lastKnownFileType = sourcecode.swift; path = "Request+Users.swift"; sourceTree = "<group>"; };
		44FB2AF42742D65300231317 /* Interface+Users.swift */ = {isa = PBXFileReference; lastKnownFileType = sourcecode.swift; path = "Interface+Users.swift"; sourceTree = "<group>"; };
		44FB2AF62742D66600231317 /* Interface+Auth.swift */ = {isa = PBXFileReference; lastKnownFileType = sourcecode.swift; path = "Interface+Auth.swift"; sourceTree = "<group>"; };
		44FB2AF82742D66F00231317 /* Request+Auth.swift */ = {isa = PBXFileReference; lastKnownFileType = sourcecode.swift; path = "Request+Auth.swift"; sourceTree = "<group>"; };
		44FB2AFB27430A6D00231317 /* Helper+Date.swift */ = {isa = PBXFileReference; lastKnownFileType = sourcecode.swift; path = "Helper+Date.swift"; sourceTree = "<group>"; };
		44FB2AFD274312F700231317 /* Extension+String.swift */ = {isa = PBXFileReference; lastKnownFileType = sourcecode.swift; path = "Extension+String.swift"; sourceTree = "<group>"; };
		4936C5B1275507AB00D29206 /* HeatMapRegionHighlight.swift */ = {isa = PBXFileReference; lastKnownFileType = sourcecode.swift; path = HeatMapRegionHighlight.swift; sourceTree = "<group>"; };
		4946823F272F9FE700C92AEE /* SideBarView.swift */ = {isa = PBXFileReference; lastKnownFileType = sourcecode.swift; path = SideBarView.swift; sourceTree = "<group>"; };
		49468241272FA08A00C92AEE /* SiderBarViewModel.swift */ = {isa = PBXFileReference; lastKnownFileType = sourcecode.swift; path = SiderBarViewModel.swift; sourceTree = "<group>"; };
		4946824F272FA61800C92AEE /* TrendsView.swift */ = {isa = PBXFileReference; lastKnownFileType = sourcecode.swift; path = TrendsView.swift; sourceTree = "<group>"; };
		49468251272FA62300C92AEE /* CasesView.swift */ = {isa = PBXFileReference; lastKnownFileType = sourcecode.swift; path = CasesView.swift; sourceTree = "<group>"; };
		49468253272FA63400C92AEE /* SettingsView.swift */ = {isa = PBXFileReference; lastKnownFileType = sourcecode.swift; path = SettingsView.swift; sourceTree = "<group>"; };
		49468256272FAB1100C92AEE /* SideBarModel.swift */ = {isa = PBXFileReference; lastKnownFileType = sourcecode.swift; path = SideBarModel.swift; sourceTree = "<group>"; };
		49468258272FBC8000C92AEE /* DashboardView.swift */ = {isa = PBXFileReference; lastKnownFileType = sourcecode.swift; path = DashboardView.swift; sourceTree = "<group>"; };
		4946825A272FBD2000C92AEE /* WatchListView.swift */ = {isa = PBXFileReference; lastKnownFileType = sourcecode.swift; path = WatchListView.swift; sourceTree = "<group>"; };
		49615AA627420AA500339936 /* Interface+Trending.swift */ = {isa = PBXFileReference; lastKnownFileType = sourcecode.swift; path = "Interface+Trending.swift"; sourceTree = "<group>"; };
		49615AA827420C0400339936 /* Request+Trending.swift */ = {isa = PBXFileReference; lastKnownFileType = sourcecode.swift; path = "Request+Trending.swift"; sourceTree = "<group>"; };
		49615AAA27420C7E00339936 /* TrendingModel.swift */ = {isa = PBXFileReference; lastKnownFileType = sourcecode.swift; path = TrendingModel.swift; sourceTree = "<group>"; };
		49615AAC27420E5A00339936 /* TrendingProvinceViewModel.swift */ = {isa = PBXFileReference; lastKnownFileType = sourcecode.swift; path = TrendingProvinceViewModel.swift; sourceTree = "<group>"; };
		498E17E6273BA0A30079BC2B /* HeatMapView.swift */ = {isa = PBXFileReference; lastKnownFileType = sourcecode.swift; path = HeatMapView.swift; sourceTree = "<group>"; };
		49C635F92756796B00AFA0EB /* NotificationRow.swift */ = {isa = PBXFileReference; lastKnownFileType = sourcecode.swift; path = NotificationRow.swift; sourceTree = "<group>"; };
		49C635FB27567D0C00AFA0EB /* NotificationPopOverView.swift */ = {isa = PBXFileReference; lastKnownFileType = sourcecode.swift; path = NotificationPopOverView.swift; sourceTree = "<group>"; };
		49C635FD27567E0E00AFA0EB /* NotificationViewModel.swift */ = {isa = PBXFileReference; lastKnownFileType = sourcecode.swift; path = NotificationViewModel.swift; sourceTree = "<group>"; };
		49C635FF27567E2000AFA0EB /* NotificationModel.swift */ = {isa = PBXFileReference; lastKnownFileType = sourcecode.swift; path = NotificationModel.swift; sourceTree = "<group>"; };
		49C6360127567FE800AFA0EB /* Extension+View.swift */ = {isa = PBXFileReference; lastKnownFileType = sourcecode.swift; path = "Extension+View.swift"; sourceTree = "<group>"; };
		49C636042756809000AFA0EB /* EdgeBorder.swift */ = {isa = PBXFileReference; lastKnownFileType = sourcecode.swift; path = EdgeBorder.swift; sourceTree = "<group>"; };
		49CD36E62757E6C1008D95D0 /* TextButton.swift */ = {isa = PBXFileReference; lastKnownFileType = sourcecode.swift; path = TextButton.swift; sourceTree = "<group>"; };
		49CD36E82757E8B3008D95D0 /* NotificationLabelButton.swift */ = {isa = PBXFileReference; lastKnownFileType = sourcecode.swift; path = NotificationLabelButton.swift; sourceTree = "<group>"; };
		49E475EB275F8D4E00CDC434 /* CaseEditPopUpView.swift */ = {isa = PBXFileReference; fileEncoding = 4; lastKnownFileType = sourcecode.swift; path = CaseEditPopUpView.swift; sourceTree = "<group>"; };
		49E475ED275F8D7500CDC434 /* Extension+Array.swift */ = {isa = PBXFileReference; fileEncoding = 4; lastKnownFileType = sourcecode.swift; path = "Extension+Array.swift"; sourceTree = "<group>"; };
		49E475EF275F8D7D00CDC434 /* Extension+ViewStack.swift */ = {isa = PBXFileReference; fileEncoding = 4; lastKnownFileType = sourcecode.swift; path = "Extension+ViewStack.swift"; sourceTree = "<group>"; };
		49E475F2275F8DAA00CDC434 /* SearchBarView.swift */ = {isa = PBXFileReference; fileEncoding = 4; lastKnownFileType = sourcecode.swift; path = SearchBarView.swift; sourceTree = "<group>"; };
		49E475F3275F8DAA00CDC434 /* SearchBarRow.swift */ = {isa = PBXFileReference; fileEncoding = 4; lastKnownFileType = sourcecode.swift; path = SearchBarRow.swift; sourceTree = "<group>"; };
		49E475F4275F8DAA00CDC434 /* SearchBarRowLabel.swift */ = {isa = PBXFileReference; fileEncoding = 4; lastKnownFileType = sourcecode.swift; path = SearchBarRowLabel.swift; sourceTree = "<group>"; };
		49E475F8275F8DCD00CDC434 /* LabelButton.swift */ = {isa = PBXFileReference; fileEncoding = 4; lastKnownFileType = sourcecode.swift; path = LabelButton.swift; sourceTree = "<group>"; };
		49E475FB275F8DFB00CDC434 /* HyperlinkText.swift */ = {isa = PBXFileReference; fileEncoding = 4; lastKnownFileType = sourcecode.swift; path = HyperlinkText.swift; sourceTree = "<group>"; };
		49E475FD275FC29C00CDC434 /* DownloadShareButtonViewModel.swift */ = {isa = PBXFileReference; lastKnownFileType = sourcecode.swift; path = DownloadShareButtonViewModel.swift; sourceTree = "<group>"; };
		49F340C52743729200969389 /* TrendingRisingCaseViewModel.swift */ = {isa = PBXFileReference; lastKnownFileType = sourcecode.swift; path = TrendingRisingCaseViewModel.swift; sourceTree = "<group>"; };
		4E15B5AB274259D700F5C0CF /* Interface+Cases.swift */ = {isa = PBXFileReference; lastKnownFileType = sourcecode.swift; path = "Interface+Cases.swift"; sourceTree = "<group>"; };
		4E15B5AD27425B6B00F5C0CF /* Request+Cases.swift */ = {isa = PBXFileReference; lastKnownFileType = sourcecode.swift; path = "Request+Cases.swift"; sourceTree = "<group>"; };
		4E15B5AF27425EB800F5C0CF /* CasesModel.swift */ = {isa = PBXFileReference; lastKnownFileType = sourcecode.swift; path = CasesModel.swift; sourceTree = "<group>"; };
		4E15B5B22742680600F5C0CF /* CasesViewModel.swift */ = {isa = PBXFileReference; lastKnownFileType = sourcecode.swift; path = CasesViewModel.swift; sourceTree = "<group>"; };
		4E45CD04273B5FF700AAB02E /* WatchListViewDetail.swift */ = {isa = PBXFileReference; lastKnownFileType = sourcecode.swift; path = WatchListViewDetail.swift; sourceTree = "<group>"; };
		4EDD0327273A64C000647011 /* CasesTableRow.swift */ = {isa = PBXFileReference; lastKnownFileType = sourcecode.swift; path = CasesTableRow.swift; sourceTree = "<group>"; };
		4EDD0329273A655E00647011 /* CasesTableHeader.swift */ = {isa = PBXFileReference; lastKnownFileType = sourcecode.swift; path = CasesTableHeader.swift; sourceTree = "<group>"; };
		4EDD032B273A65D300647011 /* CasesTable.swift */ = {isa = PBXFileReference; lastKnownFileType = sourcecode.swift; path = CasesTable.swift; sourceTree = "<group>"; };
		4EE8C21127369A8B00C9AD66 /* Extension+NSTableView.swift */ = {isa = PBXFileReference; lastKnownFileType = sourcecode.swift; path = "Extension+NSTableView.swift"; sourceTree = "<group>"; };
		4EE8C21527369B2000C9AD66 /* RisingRow.swift */ = {isa = PBXFileReference; lastKnownFileType = sourcecode.swift; path = RisingRow.swift; sourceTree = "<group>"; };
		4EE8C21727369BA400C9AD66 /* RisingHeader.swift */ = {isa = PBXFileReference; lastKnownFileType = sourcecode.swift; path = RisingHeader.swift; sourceTree = "<group>"; };
		4EE8C21927369C1500C9AD66 /* RisingCasesTable.swift */ = {isa = PBXFileReference; lastKnownFileType = sourcecode.swift; path = RisingCasesTable.swift; sourceTree = "<group>"; };
		4EE8C21C27369CCC00C9AD66 /* RisingCaseTableViewModel.swift */ = {isa = PBXFileReference; lastKnownFileType = sourcecode.swift; path = RisingCaseTableViewModel.swift; sourceTree = "<group>"; };
		E75B3F7F2742E4E700989409 /* TrendingAnimalsViewModel.swift */ = {isa = PBXFileReference; lastKnownFileType = sourcecode.swift; path = TrendingAnimalsViewModel.swift; sourceTree = "<group>"; };
		E75B3F8327436F1B00989409 /* ActiveMediaViewModel.swift */ = {isa = PBXFileReference; lastKnownFileType = sourcecode.swift; path = ActiveMediaViewModel.swift; sourceTree = "<group>"; };
		E75B3F8527436F6A00989409 /* ActiveMediaModel.swift */ = {isa = PBXFileReference; lastKnownFileType = sourcecode.swift; path = ActiveMediaModel.swift; sourceTree = "<group>"; };
		E75B3F892743736C00989409 /* Request+CasesCategories.swift */ = {isa = PBXFileReference; lastKnownFileType = sourcecode.swift; path = "Request+CasesCategories.swift"; sourceTree = "<group>"; };
		E75B3F8D2743756E00989409 /* CasesCategoriesViewModel.swift */ = {isa = PBXFileReference; lastKnownFileType = sourcecode.swift; path = CasesCategoriesViewModel.swift; sourceTree = "<group>"; };
		E75B3F8F2743757B00989409 /* CasesCategories.swift */ = {isa = PBXFileReference; lastKnownFileType = sourcecode.swift; path = CasesCategories.swift; sourceTree = "<group>"; };
		E75B3F912743789800989409 /* Interface+CasesCategories.swift */ = {isa = PBXFileReference; lastKnownFileType = sourcecode.swift; path = "Interface+CasesCategories.swift"; sourceTree = "<group>"; };
		E75B3F942743D6E700989409 /* PieChartViewCasesCategories.swift */ = {isa = PBXFileReference; lastKnownFileType = sourcecode.swift; path = PieChartViewCasesCategories.swift; sourceTree = "<group>"; };
		E75B3F962743D6F500989409 /* PieChartCasesCategories.swift */ = {isa = PBXFileReference; lastKnownFileType = sourcecode.swift; path = PieChartCasesCategories.swift; sourceTree = "<group>"; };
		E75B3F982743DFB700989409 /* LanguageSection.swift */ = {isa = PBXFileReference; fileEncoding = 4; lastKnownFileType = sourcecode.swift; path = LanguageSection.swift; sourceTree = "<group>"; };
		E75B3F992743DFB800989409 /* NotificationSection.swift */ = {isa = PBXFileReference; fileEncoding = 4; lastKnownFileType = sourcecode.swift; path = NotificationSection.swift; sourceTree = "<group>"; };
		E75B3F9A2743DFB800989409 /* AccountSection.swift */ = {isa = PBXFileReference; fileEncoding = 4; lastKnownFileType = sourcecode.swift; path = AccountSection.swift; sourceTree = "<group>"; };
		E75B3F9B2743DFB800989409 /* AppearanceSection.swift */ = {isa = PBXFileReference; fileEncoding = 4; lastKnownFileType = sourcecode.swift; path = AppearanceSection.swift; sourceTree = "<group>"; };
		E7A041052738D10600B20B99 /* HighlightCard.swift */ = {isa = PBXFileReference; lastKnownFileType = sourcecode.swift; path = HighlightCard.swift; sourceTree = "<group>"; };
		E7A041072738D13800B20B99 /* CasesDummy.swift */ = {isa = PBXFileReference; lastKnownFileType = sourcecode.swift; path = CasesDummy.swift; sourceTree = "<group>"; };
		E7A041092738D16B00B20B99 /* BarChart.swift */ = {isa = PBXFileReference; lastKnownFileType = sourcecode.swift; path = BarChart.swift; sourceTree = "<group>"; };
		E7A0410D2738D1F700B20B99 /* NumberOfCasesView.swift */ = {isa = PBXFileReference; lastKnownFileType = sourcecode.swift; path = NumberOfCasesView.swift; sourceTree = "<group>"; };
		E7A0410F2738D22900B20B99 /* MediaDummy.swift */ = {isa = PBXFileReference; lastKnownFileType = sourcecode.swift; path = MediaDummy.swift; sourceTree = "<group>"; };
		E7A041112738D23900B20B99 /* PieChart.swift */ = {isa = PBXFileReference; lastKnownFileType = sourcecode.swift; path = PieChart.swift; sourceTree = "<group>"; };
		E7A041132738D24600B20B99 /* PieChartView.swift */ = {isa = PBXFileReference; lastKnownFileType = sourcecode.swift; path = PieChartView.swift; sourceTree = "<group>"; };
/* End PBXFileReference section */

/* Begin PBXFrameworksBuildPhase section */
		44558F082728688F00DEE0EF /* Frameworks */ = {
			isa = PBXFrameworksBuildPhase;
			buildActionMask = 2147483647;
			files = (
				44DE84C527371CD10034DBA2 /* Charts in Frameworks */,
				4EFE0A912762005800D596EF /* PushNotifications in Frameworks */,
			);
			runOnlyForDeploymentPostprocessing = 0;
		};
/* End PBXFrameworksBuildPhase section */

/* Begin PBXGroup section */
		440DD5FA272E97A800758AD9 /* Models */ = {
			isa = PBXGroup;
			children = (
				44159B6B2736AF990077F3FF /* DatePickerModel.swift */,
				49468256272FAB1100C92AEE /* SideBarModel.swift */,
				44159B792736B0EB0077F3FF /* DashboardModel.swift */,
				44159B762736B0900077F3FF /* WatchlistModel.swift */,
				E7A041072738D13800B20B99 /* CasesDummy.swift */,
				E7A0410F2738D22900B20B99 /* MediaDummy.swift */,
				4495344D27323FA200CADA9F /* MCGenericResponseModel.swift */,
				4495345E2733B79D00CADA9F /* RegionModel.swift */,
				4E15B5AF27425EB800F5C0CF /* CasesModel.swift */,
				49615AAA27420C7E00339936 /* TrendingModel.swift */,
				0C960CAB27425FFF00EF96AB /* Category.swift */,
				E75B3F8527436F6A00989409 /* ActiveMediaModel.swift */,
				E75B3F8F2743757B00989409 /* CasesCategories.swift */,
				49C635FF27567E2000AFA0EB /* NotificationModel.swift */,
			);
			path = Models;
			sourceTree = "<group>";
		};
		440DD5FD272E97D100758AD9 /* Features */ = {
			isa = PBXGroup;
			children = (
				4E45CD01273B5F3200AAB02E /* WatchlistView */,
				44DE84B227371A8C0034DBA2 /* HeatMapView */,
				49468245272FA4D200C92AEE /* Settings */,
				49468244272FA4CC00C92AEE /* Cases */,
				49468243272FA4BE00C92AEE /* Trends */,
				440DD5FE272E97DA00758AD9 /* Components */,
			);
			path = Features;
			sourceTree = "<group>";
		};
		440DD5FE272E97DA00758AD9 /* Components */ = {
			isa = PBXGroup;
			children = (
				49E475FA275F8DEE00CDC434 /* HyperlinkText */,
				49E475F1275F8D9900CDC434 /* SearchBar */,
				49E475EA275F8D0A00CDC434 /* CaseEditPopOver */,
				49C636032756808000AFA0EB /* Shape */,
				49C635F72756792700AFA0EB /* Notifications */,
				44FB2AD1273E08F600231317 /* AddWatchlist */,
				4EDD0325273A63F500647011 /* CasesTable */,
				E7A041042738D0D000B20B99 /* HighlightCard */,
				E7A041032738D0B500B20B99 /* BarChart */,
				E7A041022738D0A700B20B99 /* PieChart */,
				44DE84BA27371B5D0034DBA2 /* ExportButton.swift */,
				44DE84B927371B5D0034DBA2 /* MapLegendIndicator.swift */,
				44159B672736AF990077F3FF /* Picker */,
				44159B622736AF900077F3FF /* NavigationBar */,
				44159B5B2736AF880077F3FF /* Buttons */,
				4EE8C21327369AF700C9AD66 /* Trends */,
				49468239272F9E6B00C92AEE /* SideBarMenu */,
			);
			path = Components;
			sourceTree = "<group>";
		};
		440DD601272E981B00758AD9 /* ViewModels */ = {
			isa = PBXGroup;
			children = (
				44DE84BD27371BD10034DBA2 /* GeoJSON.swift */,
				44DE84BE27371BD10034DBA2 /* HeatMapViewModel.swift */,
				44DE84BF27371BD10034DBA2 /* TrendsViewModel.swift */,
				440DD602272E982D00758AD9 /* VMGlobal.swift */,
				44B3B4E9273D03AD006829E8 /* ContohViewModel.swift */,
				49615AAC27420E5A00339936 /* TrendingProvinceViewModel.swift */,
				0C651E8A2741586400C51692 /* WatchListViewModel.swift */,
				E75B3F7F2742E4E700989409 /* TrendingAnimalsViewModel.swift */,
				E75B3F8327436F1B00989409 /* ActiveMediaViewModel.swift */,
				E75B3F8D2743756E00989409 /* CasesCategoriesViewModel.swift */,
				49F340C52743729200969389 /* TrendingRisingCaseViewModel.swift */,
				49C635FD27567E0E00AFA0EB /* NotificationViewModel.swift */,
				44B1A14B275C9F49002DF0A7 /* UserViewModel.swift */,
				49E475FD275FC29C00CDC434 /* DownloadShareButtonViewModel.swift */,
			);
			path = ViewModels;
			sourceTree = "<group>";
		};
		44159B5B2736AF880077F3FF /* Buttons */ = {
			isa = PBXGroup;
			children = (
				44159B5C2736AF880077F3FF /* IconButton.swift */,
				44159B5D2736AF880077F3FF /* FilledButton.swift */,
				44159B5E2736AF880077F3FF /* SharingButton.swift */,
				49CD36E62757E6C1008D95D0 /* TextButton.swift */,
				49CD36E82757E8B3008D95D0 /* NotificationLabelButton.swift */,
				49E475F8275F8DCD00CDC434 /* LabelButton.swift */,
			);
			path = Buttons;
			sourceTree = "<group>";
		};
		44159B622736AF900077F3FF /* NavigationBar */ = {
			isa = PBXGroup;
			children = (
				44159B632736AF900077F3FF /* NavigationBarView.swift */,
				44159B642736AF900077F3FF /* ToolbarView.swift */,
			);
			path = NavigationBar;
			sourceTree = "<group>";
		};
		44159B672736AF990077F3FF /* Picker */ = {
			isa = PBXGroup;
			children = (
				44159B682736AF990077F3FF /* Picker+ViewModels */,
				44159B6C2736AF990077F3FF /* Picker+Views */,
			);
			path = Picker;
			sourceTree = "<group>";
		};
		44159B682736AF990077F3FF /* Picker+ViewModels */ = {
			isa = PBXGroup;
			children = (
				44159B692736AF990077F3FF /* DatePickerViewModel.swift */,
			);
			path = "Picker+ViewModels";
			sourceTree = "<group>";
		};
		44159B6C2736AF990077F3FF /* Picker+Views */ = {
			isa = PBXGroup;
			children = (
				44159B6D2736AF990077F3FF /* DatePickerList.swift */,
				44159B6E2736AF990077F3FF /* DatePickerView.swift */,
				44159B6F2736AF990077F3FF /* DatePickerPopOverView.swift */,
			);
			path = "Picker+Views";
			sourceTree = "<group>";
		};
		44190F41273A62010091ADFB /* PieChart+Views */ = {
			isa = PBXGroup;
			children = (
				E7A041132738D24600B20B99 /* PieChartView.swift */,
				E7A041112738D23900B20B99 /* PieChart.swift */,
			);
			path = "PieChart+Views";
			sourceTree = "<group>";
		};
		4454BDE0272F9BD20012E4A4 /* Util */ = {
			isa = PBXGroup;
			children = (
				44FB2AFA27430A5A00231317 /* Helper */,
				4454BDE7272FA6600012E4A4 /* Constants.swift */,
				44DE84B727371ABB0034DBA2 /* MapEvent.swift */,
			);
			path = Util;
			sourceTree = "<group>";
		};
		4454BDE1272F9C760012E4A4 /* Extension */ = {
			isa = PBXGroup;
			children = (
				4454BDE2272F9C9D0012E4A4 /* Extension+Color.swift */,
				44953452273280AD00CADA9F /* Extension+Encodable.swift */,
				4EE8C21127369A8B00C9AD66 /* Extension+NSTableView.swift */,
				44FB2AFD274312F700231317 /* Extension+String.swift */,
				49C6360127567FE800AFA0EB /* Extension+View.swift */,
				49E475ED275F8D7500CDC434 /* Extension+Array.swift */,
				49E475EF275F8D7D00CDC434 /* Extension+ViewStack.swift */,
			);
			path = Extension;
			sourceTree = "<group>";
		};
		44558F022728688F00DEE0EF = {
			isa = PBXGroup;
			children = (
				44558F0D2728688F00DEE0EF /* Natics */,
				44558F0C2728688F00DEE0EF /* Products */,
			);
			sourceTree = "<group>";
		};
		44558F0C2728688F00DEE0EF /* Products */ = {
			isa = PBXGroup;
			children = (
				44558F0B2728688F00DEE0EF /* Natics.app */,
			);
			name = Products;
			sourceTree = "<group>";
		};
		44558F0D2728688F00DEE0EF /* Natics */ = {
			isa = PBXGroup;
			children = (
				4495344F27327D3F00CADA9F /* Networking */,
				4454BDE1272F9C760012E4A4 /* Extension */,
				4454BDE0272F9BD20012E4A4 /* Util */,
				440DD601272E981B00758AD9 /* ViewModels */,
				440DD5FD272E97D100758AD9 /* Features */,
				440DD5FA272E97A800758AD9 /* Models */,
				44558F0E2728688F00DEE0EF /* NaticsApp.swift */,
				44558F102728688F00DEE0EF /* ContentView.swift */,
				44558F122728689100DEE0EF /* Assets.xcassets */,
				44DE84C627371D6A0034DBA2 /* IndonesiaGeoJSONProvinces.geojson */,
				44558F172728689100DEE0EF /* Natics.entitlements */,
				44558F142728689100DEE0EF /* Preview Content */,
			);
			path = Natics;
			sourceTree = "<group>";
		};
		44558F142728689100DEE0EF /* Preview Content */ = {
			isa = PBXGroup;
			children = (
				44558F152728689100DEE0EF /* Preview Assets.xcassets */,
			);
			path = "Preview Content";
			sourceTree = "<group>";
		};
		4495344F27327D3F00CADA9F /* Networking */ = {
			isa = PBXGroup;
			children = (
				449534592733A08600CADA9F /* Interface */,
				449534582733A07C00CADA9F /* Request */,
				4495345027327D5F00CADA9F /* Interface.swift */,
				449534542732819900CADA9F /* Connection.swift */,
				449534562732822200CADA9F /* Connector.swift */,
			);
			path = Networking;
			sourceTree = "<group>";
		};
		449534582733A07C00CADA9F /* Request */ = {
			isa = PBXGroup;
			children = (
				44FB2AF22742D64600231317 /* Request+Users.swift */,
				4495345C2733B55600CADA9F /* Request+Region.swift */,
				4E15B5AD27425B6B00F5C0CF /* Request+Cases.swift */,
				49615AA827420C0400339936 /* Request+Trending.swift */,
				0C651E8C27415A6800C51692 /* Request+WatchList.swift */,
				44FB2AE22742D5BE00231317 /* Request+Animals.swift */,
				44FB2AE82742D5ED00231317 /* Request+Organizations.swift */,
				44FB2AEC2742D60B00231317 /* Request+Sites.swift */,
				44FB2AF02742D63C00231317 /* Request+News.swift */,
				44FB2AF82742D66F00231317 /* Request+Auth.swift */,
				E75B3F892743736C00989409 /* Request+CasesCategories.swift */,
			);
			path = Request;
			sourceTree = "<group>";
		};
		449534592733A08600CADA9F /* Interface */ = {
			isa = PBXGroup;
			children = (
				4495345A2733A19B00CADA9F /* Interface+Region.swift */,
				4E15B5AB274259D700F5C0CF /* Interface+Cases.swift */,
				49615AA627420AA500339936 /* Interface+Trending.swift */,
				0C651E8E27415A7800C51692 /* Interface+WatchList.swift */,
				44FB2AE42742D5CC00231317 /* Interface+Animals.swift */,
				44FB2AE62742D5E100231317 /* Interface+Organizations.swift */,
				44FB2AEA2742D5FE00231317 /* Interface+Sites.swift */,
				44FB2AEE2742D63000231317 /* Interface+News.swift */,
				44FB2AF42742D65300231317 /* Interface+Users.swift */,
				44FB2AF62742D66600231317 /* Interface+Auth.swift */,
				E75B3F912743789800989409 /* Interface+CasesCategories.swift */,
			);
			path = Interface;
			sourceTree = "<group>";
		};
		44DE84B227371A8C0034DBA2 /* HeatMapView */ = {
			isa = PBXGroup;
			children = (
				44DE84B327371A8C0034DBA2 /* TrendingLocationBarChartView.swift */,
				44DE84B427371A8C0034DBA2 /* HeatMapModel.swift */,
				498E17E6273BA0A30079BC2B /* HeatMapView.swift */,
				4936C5B1275507AB00D29206 /* HeatMapRegionHighlight.swift */,
			);
			path = HeatMapView;
			sourceTree = "<group>";
		};
		44FB2AD1273E08F600231317 /* AddWatchlist */ = {
			isa = PBXGroup;
			children = (
				44FB2ADD2742A1C400231317 /* AddWatchlist+ViewModels */,
				44FB2AD8273E3EDA00231317 /* AddWatchlist+Views */,
			);
			path = AddWatchlist;
			sourceTree = "<group>";
		};
		44FB2AD8273E3EDA00231317 /* AddWatchlist+Views */ = {
			isa = PBXGroup;
			children = (
				44FB2AD4273E0F4800231317 /* AddWatchlistCell.swift */,
				44FB2AD6273E104100231317 /* AddWatchlistView.swift */,
				44FB2ADB2742772200231317 /* MCSearchBar.swift */,
			);
			path = "AddWatchlist+Views";
			sourceTree = "<group>";
		};
		44FB2ADD2742A1C400231317 /* AddWatchlist+ViewModels */ = {
			isa = PBXGroup;
			children = (
				44FB2AE02742A1FD00231317 /* AddWatchlistViewModel.swift */,
			);
			path = "AddWatchlist+ViewModels";
			sourceTree = "<group>";
		};
		44FB2AFA27430A5A00231317 /* Helper */ = {
			isa = PBXGroup;
			children = (
				44FB2AFB27430A6D00231317 /* Helper+Date.swift */,
			);
			path = Helper;
			sourceTree = "<group>";
		};
		49468239272F9E6B00C92AEE /* SideBarMenu */ = {
			isa = PBXGroup;
			children = (
				4946823B272F9E9F00C92AEE /* SideBar+Views */,
				4946823C272F9EA500C92AEE /* SideBar+ViewModels */,
			);
			path = SideBarMenu;
			sourceTree = "<group>";
		};
		4946823B272F9E9F00C92AEE /* SideBar+Views */ = {
			isa = PBXGroup;
			children = (
				4946823F272F9FE700C92AEE /* SideBarView.swift */,
				49468258272FBC8000C92AEE /* DashboardView.swift */,
				4946825A272FBD2000C92AEE /* WatchListView.swift */,
			);
			path = "SideBar+Views";
			sourceTree = "<group>";
		};
		4946823C272F9EA500C92AEE /* SideBar+ViewModels */ = {
			isa = PBXGroup;
			children = (
				44190F3F273A61980091ADFB /* DashboardViewModel.swift */,
				44159B7A2736B0EB0077F3FF /* WatchlistViewModel.swift */,
				49468241272FA08A00C92AEE /* SiderBarViewModel.swift */,
			);
			path = "SideBar+ViewModels";
			sourceTree = "<group>";
		};
		49468243272FA4BE00C92AEE /* Trends */ = {
			isa = PBXGroup;
			children = (
				4946824D272FA58C00C92AEE /* Trends+Views */,
			);
			path = Trends;
			sourceTree = "<group>";
		};
		49468244272FA4CC00C92AEE /* Cases */ = {
			isa = PBXGroup;
			children = (
				4E15B5B1274267F500F5C0CF /* Cases+ViewModels */,
				4946824A272FA57000C92AEE /* Cases+Views */,
			);
			path = Cases;
			sourceTree = "<group>";
		};
		49468245272FA4D200C92AEE /* Settings */ = {
			isa = PBXGroup;
			children = (
				49468247272FA51400C92AEE /* Settings+Views */,
			);
			path = Settings;
			sourceTree = "<group>";
		};
		49468247272FA51400C92AEE /* Settings+Views */ = {
			isa = PBXGroup;
			children = (
				E75B3F9A2743DFB800989409 /* AccountSection.swift */,
				E75B3F9B2743DFB800989409 /* AppearanceSection.swift */,
				E75B3F982743DFB700989409 /* LanguageSection.swift */,
				E75B3F992743DFB800989409 /* NotificationSection.swift */,
				49468253272FA63400C92AEE /* SettingsView.swift */,
			);
			path = "Settings+Views";
			sourceTree = "<group>";
		};
		4946824A272FA57000C92AEE /* Cases+Views */ = {
			isa = PBXGroup;
			children = (
				49468251272FA62300C92AEE /* CasesView.swift */,
			);
			path = "Cases+Views";
			sourceTree = "<group>";
		};
		4946824D272FA58C00C92AEE /* Trends+Views */ = {
			isa = PBXGroup;
			children = (
				4946824F272FA61800C92AEE /* TrendsView.swift */,
			);
			path = "Trends+Views";
			sourceTree = "<group>";
		};
		49C635F72756792700AFA0EB /* Notifications */ = {
			isa = PBXGroup;
			children = (
				49C635F82756795000AFA0EB /* Notifications+Views */,
			);
			path = Notifications;
			sourceTree = "<group>";
		};
		49C635F82756795000AFA0EB /* Notifications+Views */ = {
			isa = PBXGroup;
			children = (
				49C635F92756796B00AFA0EB /* NotificationRow.swift */,
				49C635FB27567D0C00AFA0EB /* NotificationPopOverView.swift */,
			);
			path = "Notifications+Views";
			sourceTree = "<group>";
		};
		49C636032756808000AFA0EB /* Shape */ = {
			isa = PBXGroup;
			children = (
				49C636042756809000AFA0EB /* EdgeBorder.swift */,
			);
			path = Shape;
			sourceTree = "<group>";
		};
		49E475EA275F8D0A00CDC434 /* CaseEditPopOver */ = {
			isa = PBXGroup;
			children = (
				49E475EB275F8D4E00CDC434 /* CaseEditPopUpView.swift */,
			);
			path = CaseEditPopOver;
			sourceTree = "<group>";
		};
		49E475F1275F8D9900CDC434 /* SearchBar */ = {
			isa = PBXGroup;
			children = (
				49E475F3275F8DAA00CDC434 /* SearchBarRow.swift */,
				49E475F4275F8DAA00CDC434 /* SearchBarRowLabel.swift */,
				49E475F2275F8DAA00CDC434 /* SearchBarView.swift */,
			);
			path = SearchBar;
			sourceTree = "<group>";
		};
		49E475FA275F8DEE00CDC434 /* HyperlinkText */ = {
			isa = PBXGroup;
			children = (
				49E475FB275F8DFB00CDC434 /* HyperlinkText.swift */,
			);
			path = HyperlinkText;
			sourceTree = "<group>";
		};
		4E15B5B1274267F500F5C0CF /* Cases+ViewModels */ = {
			isa = PBXGroup;
			children = (
				4E15B5B22742680600F5C0CF /* CasesViewModel.swift */,
			);
			path = "Cases+ViewModels";
			sourceTree = "<group>";
		};
		4E45CD01273B5F3200AAB02E /* WatchlistView */ = {
			isa = PBXGroup;
			children = (
				4E45CD03273B5FDF00AAB02E /* Watchlist+Views */,
			);
			path = WatchlistView;
			sourceTree = "<group>";
		};
		4E45CD03273B5FDF00AAB02E /* Watchlist+Views */ = {
			isa = PBXGroup;
			children = (
				4E45CD04273B5FF700AAB02E /* WatchListViewDetail.swift */,
			);
			path = "Watchlist+Views";
			sourceTree = "<group>";
		};
		4EDD0325273A63F500647011 /* CasesTable */ = {
			isa = PBXGroup;
			children = (
				4EDD0326273A643F00647011 /* CasesTable+Views */,
			);
			path = CasesTable;
			sourceTree = "<group>";
		};
		4EDD0326273A643F00647011 /* CasesTable+Views */ = {
			isa = PBXGroup;
			children = (
				4EDD0327273A64C000647011 /* CasesTableRow.swift */,
				4EDD0329273A655E00647011 /* CasesTableHeader.swift */,
				4EDD032B273A65D300647011 /* CasesTable.swift */,
			);
			path = "CasesTable+Views";
			sourceTree = "<group>";
		};
		4EE8C21327369AF700C9AD66 /* Trends */ = {
			isa = PBXGroup;
			children = (
				4EE8C21B27369CB000C9AD66 /* Trends+ViewModels */,
				4EE8C21427369B0800C9AD66 /* Trends+Views */,
			);
			path = Trends;
			sourceTree = "<group>";
		};
		4EE8C21427369B0800C9AD66 /* Trends+Views */ = {
			isa = PBXGroup;
			children = (
				4EE8C21527369B2000C9AD66 /* RisingRow.swift */,
				4EE8C21727369BA400C9AD66 /* RisingHeader.swift */,
				4EE8C21927369C1500C9AD66 /* RisingCasesTable.swift */,
			);
			path = "Trends+Views";
			sourceTree = "<group>";
		};
		4EE8C21B27369CB000C9AD66 /* Trends+ViewModels */ = {
			isa = PBXGroup;
			children = (
				4EE8C21C27369CCC00C9AD66 /* RisingCaseTableViewModel.swift */,
			);
			path = "Trends+ViewModels";
			sourceTree = "<group>";
		};
		E75B3F932743D6BF00989409 /* PieChartCasesCategories+Views */ = {
			isa = PBXGroup;
			children = (
				E75B3F942743D6E700989409 /* PieChartViewCasesCategories.swift */,
				E75B3F962743D6F500989409 /* PieChartCasesCategories.swift */,
			);
			path = "PieChartCasesCategories+Views";
			sourceTree = "<group>";
		};
		E7A041022738D0A700B20B99 /* PieChart */ = {
			isa = PBXGroup;
			children = (
				E75B3F932743D6BF00989409 /* PieChartCasesCategories+Views */,
				44190F41273A62010091ADFB /* PieChart+Views */,
			);
			path = PieChart;
			sourceTree = "<group>";
		};
		E7A041032738D0B500B20B99 /* BarChart */ = {
			isa = PBXGroup;
			children = (
				E7A041152738D32D00B20B99 /* BarChart+Views */,
			);
			path = BarChart;
			sourceTree = "<group>";
		};
		E7A041042738D0D000B20B99 /* HighlightCard */ = {
			isa = PBXGroup;
			children = (
				E7A041052738D10600B20B99 /* HighlightCard.swift */,
			);
			path = HighlightCard;
			sourceTree = "<group>";
		};
		E7A041152738D32D00B20B99 /* BarChart+Views */ = {
			isa = PBXGroup;
			children = (
				E7A0410D2738D1F700B20B99 /* NumberOfCasesView.swift */,
				E7A041092738D16B00B20B99 /* BarChart.swift */,
			);
			path = "BarChart+Views";
			sourceTree = "<group>";
		};
/* End PBXGroup section */

/* Begin PBXNativeTarget section */
		44558F0A2728688F00DEE0EF /* Natics */ = {
			isa = PBXNativeTarget;
			buildConfigurationList = 44558F1A2728689100DEE0EF /* Build configuration list for PBXNativeTarget "Natics" */;
			buildPhases = (
				44558F072728688F00DEE0EF /* Sources */,
				44558F082728688F00DEE0EF /* Frameworks */,
				44558F092728688F00DEE0EF /* Resources */,
			);
			buildRules = (
			);
			dependencies = (
			);
			name = Natics;
			packageProductDependencies = (
				44DE84C427371CD10034DBA2 /* Charts */,
				4EFE0A902762005800D596EF /* PushNotifications */,
			);
			productName = Natics;
			productReference = 44558F0B2728688F00DEE0EF /* Natics.app */;
			productType = "com.apple.product-type.application";
		};
/* End PBXNativeTarget section */

/* Begin PBXProject section */
		44558F032728688F00DEE0EF /* Project object */ = {
			isa = PBXProject;
			attributes = {
				BuildIndependentTargetsInParallel = 1;
				LastSwiftUpdateCheck = 1300;
				LastUpgradeCheck = 1300;
				TargetAttributes = {
					44558F0A2728688F00DEE0EF = {
						CreatedOnToolsVersion = 13.0;
					};
				};
			};
			buildConfigurationList = 44558F062728688F00DEE0EF /* Build configuration list for PBXProject "Natics" */;
			compatibilityVersion = "Xcode 13.0";
			developmentRegion = en;
			hasScannedForEncodings = 0;
			knownRegions = (
				en,
				Base,
			);
			mainGroup = 44558F022728688F00DEE0EF;
			packageReferences = (
				44DE84C327371CD10034DBA2 /* XCRemoteSwiftPackageReference "Charts" */,
				4EFE0A8F2762005800D596EF /* XCRemoteSwiftPackageReference "push-notifications-swift" */,
			);
			productRefGroup = 44558F0C2728688F00DEE0EF /* Products */;
			projectDirPath = "";
			projectRoot = "";
			targets = (
				44558F0A2728688F00DEE0EF /* Natics */,
			);
		};
/* End PBXProject section */

/* Begin PBXResourcesBuildPhase section */
		44558F092728688F00DEE0EF /* Resources */ = {
			isa = PBXResourcesBuildPhase;
			buildActionMask = 2147483647;
			files = (
				44558F162728689100DEE0EF /* Preview Assets.xcassets in Resources */,
				44558F132728689100DEE0EF /* Assets.xcassets in Resources */,
				44DE84C727371D6A0034DBA2 /* IndonesiaGeoJSONProvinces.geojson in Resources */,
			);
			runOnlyForDeploymentPostprocessing = 0;
		};
/* End PBXResourcesBuildPhase section */

/* Begin PBXSourcesBuildPhase section */
		44558F072728688F00DEE0EF /* Sources */ = {
			isa = PBXSourcesBuildPhase;
			buildActionMask = 2147483647;
			files = (
				49615AA927420C0400339936 /* Request+Trending.swift in Sources */,
				44190F40273A61980091ADFB /* DashboardViewModel.swift in Sources */,
				49468259272FBC8000C92AEE /* DashboardView.swift in Sources */,
				49615AA727420AA500339936 /* Interface+Trending.swift in Sources */,
				49C635FC27567D0C00AFA0EB /* NotificationPopOverView.swift in Sources */,
				49C635FE27567E0E00AFA0EB /* NotificationViewModel.swift in Sources */,
				4EE8C21227369A8B00C9AD66 /* Extension+NSTableView.swift in Sources */,
				4EDD032C273A65D300647011 /* CasesTable.swift in Sources */,
				E7A041062738D10600B20B99 /* HighlightCard.swift in Sources */,
				49468242272FA08A00C92AEE /* SiderBarViewModel.swift in Sources */,
				4454BDE3272F9C9D0012E4A4 /* Extension+Color.swift in Sources */,
				49E475FC275F8DFB00CDC434 /* HyperlinkText.swift in Sources */,
				E7A041102738D22900B20B99 /* MediaDummy.swift in Sources */,
				49E475F9275F8DCD00CDC434 /* LabelButton.swift in Sources */,
				4495345127327D5F00CADA9F /* Interface.swift in Sources */,
				E75B3F902743757B00989409 /* CasesCategories.swift in Sources */,
				44FB2AFC27430A6D00231317 /* Helper+Date.swift in Sources */,
				49615AAB27420C7E00339936 /* TrendingModel.swift in Sources */,
				4EDD032A273A655E00647011 /* CasesTableHeader.swift in Sources */,
				E75B3F8A2743736C00989409 /* Request+CasesCategories.swift in Sources */,
				E75B3F802742E4E700989409 /* TrendingAnimalsViewModel.swift in Sources */,
				E75B3F9E2743DFB800989409 /* AccountSection.swift in Sources */,
				44FB2AE32742D5BE00231317 /* Request+Animals.swift in Sources */,
				4495345B2733A19B00CADA9F /* Interface+Region.swift in Sources */,
				4EE8C21A27369C1500C9AD66 /* RisingCasesTable.swift in Sources */,
				44FB2AEB2742D5FE00231317 /* Interface+Sites.swift in Sources */,
				0C960CAC27425FFF00EF96AB /* Category.swift in Sources */,
				49C6360027567E2000AFA0EB /* NotificationModel.swift in Sources */,
				44159B7C2736B0EB0077F3FF /* WatchlistViewModel.swift in Sources */,
				44159B742736AF990077F3FF /* DatePickerPopOverView.swift in Sources */,
				44DE84B627371A8C0034DBA2 /* HeatMapModel.swift in Sources */,
				E7A0410E2738D1F700B20B99 /* NumberOfCasesView.swift in Sources */,
				44FB2AF32742D64600231317 /* Request+Users.swift in Sources */,
				49E475F7275F8DAA00CDC434 /* SearchBarRowLabel.swift in Sources */,
				4495344E27323FA200CADA9F /* MCGenericResponseModel.swift in Sources */,
				E75B3F8427436F1B00989409 /* ActiveMediaViewModel.swift in Sources */,
				44B1A14C275C9F49002DF0A7 /* UserViewModel.swift in Sources */,
				49615AAD27420E5A00339936 /* TrendingProvinceViewModel.swift in Sources */,
				4EE8C21D27369CCC00C9AD66 /* RisingCaseTableViewModel.swift in Sources */,
				440DD603272E982D00758AD9 /* VMGlobal.swift in Sources */,
				49E475EE275F8D7500CDC434 /* Extension+Array.swift in Sources */,
				44FB2AD7273E104100231317 /* AddWatchlistView.swift in Sources */,
				E7A041122738D23900B20B99 /* PieChart.swift in Sources */,
				4E15B5AC274259D700F5C0CF /* Interface+Cases.swift in Sources */,
				44159B722736AF990077F3FF /* DatePickerList.swift in Sources */,
				44159B662736AF900077F3FF /* ToolbarView.swift in Sources */,
				E75B3F922743789800989409 /* Interface+CasesCategories.swift in Sources */,
				44DE84C127371BD10034DBA2 /* HeatMapViewModel.swift in Sources */,
				44DE84BC27371B5D0034DBA2 /* ExportButton.swift in Sources */,
				49CD36E72757E6C1008D95D0 /* TextButton.swift in Sources */,
				0C651E8D27415A6800C51692 /* Request+WatchList.swift in Sources */,
				44159B602736AF880077F3FF /* FilledButton.swift in Sources */,
				44FB2AE12742A1FD00231317 /* AddWatchlistViewModel.swift in Sources */,
				44159B732736AF990077F3FF /* DatePickerView.swift in Sources */,
				0C651E8B2741586400C51692 /* WatchListViewModel.swift in Sources */,
				498E17E7273BA0A30079BC2B /* HeatMapView.swift in Sources */,
				44159B612736AF880077F3FF /* SharingButton.swift in Sources */,
				49F340C62743729200969389 /* TrendingRisingCaseViewModel.swift in Sources */,
				44FB2AFE274312F700231317 /* Extension+String.swift in Sources */,
				49CD36E92757E8B3008D95D0 /* NotificationLabelButton.swift in Sources */,
				49E475FE275FC29C00CDC434 /* DownloadShareButtonViewModel.swift in Sources */,
				4454BDE8272FA6600012E4A4 /* Constants.swift in Sources */,
				44FB2AD5273E0F4800231317 /* AddWatchlistCell.swift in Sources */,
				44159B782736B0910077F3FF /* WatchlistModel.swift in Sources */,
				44159B5F2736AF880077F3FF /* IconButton.swift in Sources */,
				49E475F0275F8D7D00CDC434 /* Extension+ViewStack.swift in Sources */,
				44558F112728688F00DEE0EF /* ContentView.swift in Sources */,
				44FB2AED2742D60B00231317 /* Request+Sites.swift in Sources */,
				E7A041142738D24600B20B99 /* PieChartView.swift in Sources */,
				44159B702736AF990077F3FF /* DatePickerViewModel.swift in Sources */,
				49E475F5275F8DAA00CDC434 /* SearchBarView.swift in Sources */,
				44DE84BB27371B5D0034DBA2 /* MapLegendIndicator.swift in Sources */,
				44FB2AF92742D66F00231317 /* Request+Auth.swift in Sources */,
				44DE84C227371BD10034DBA2 /* TrendsViewModel.swift in Sources */,
				4EE8C21627369B2000C9AD66 /* RisingRow.swift in Sources */,
				4E15B5AE27425B6B00F5C0CF /* Request+Cases.swift in Sources */,
				44159B652736AF900077F3FF /* NavigationBarView.swift in Sources */,
				44FB2AF52742D65300231317 /* Interface+Users.swift in Sources */,
				49E475EC275F8D4E00CDC434 /* CaseEditPopUpView.swift in Sources */,
				44FB2AE92742D5ED00231317 /* Request+Organizations.swift in Sources */,
				E75B3F952743D6E700989409 /* PieChartViewCasesCategories.swift in Sources */,
				49C636052756809000AFA0EB /* EdgeBorder.swift in Sources */,
				44DE84C027371BD10034DBA2 /* GeoJSON.swift in Sources */,
				44FB2ADC2742772300231317 /* MCSearchBar.swift in Sources */,
				49468257272FAB1200C92AEE /* SideBarModel.swift in Sources */,
				4E45CD05273B5FF700AAB02E /* WatchListViewDetail.swift in Sources */,
				44FB2AEF2742D63000231317 /* Interface+News.swift in Sources */,
				E75B3F8E2743756E00989409 /* CasesCategoriesViewModel.swift in Sources */,
				449534552732819900CADA9F /* Connection.swift in Sources */,
				4495345D2733B55600CADA9F /* Request+Region.swift in Sources */,
				44159B712736AF990077F3FF /* DatePickerModel.swift in Sources */,
				44DE84B827371ABB0034DBA2 /* MapEvent.swift in Sources */,
				4EE8C21827369BA400C9AD66 /* RisingHeader.swift in Sources */,
				44159B7B2736B0EB0077F3FF /* DashboardModel.swift in Sources */,
				44FB2AE52742D5CC00231317 /* Interface+Animals.swift in Sources */,
				44FB2AE72742D5E100231317 /* Interface+Organizations.swift in Sources */,
				E75B3F8627436F6A00989409 /* ActiveMediaModel.swift in Sources */,
				44DE84B527371A8C0034DBA2 /* TrendingLocationBarChartView.swift in Sources */,
				49468252272FA62300C92AEE /* CasesView.swift in Sources */,
				49C635FA2756796B00AFA0EB /* NotificationRow.swift in Sources */,
				44FB2AF72742D66600231317 /* Interface+Auth.swift in Sources */,
				E75B3F972743D6F500989409 /* PieChartCasesCategories.swift in Sources */,
				E75B3F9D2743DFB800989409 /* NotificationSection.swift in Sources */,
				E7A041082738D13800B20B99 /* CasesDummy.swift in Sources */,
				49C6360227567FE800AFA0EB /* Extension+View.swift in Sources */,
				E75B3F9C2743DFB800989409 /* LanguageSection.swift in Sources */,
				4936C5B2275507AB00D29206 /* HeatMapRegionHighlight.swift in Sources */,
				449534572732822200CADA9F /* Connector.swift in Sources */,
				49E475F6275F8DAA00CDC434 /* SearchBarRow.swift in Sources */,
				49468240272F9FE700C92AEE /* SideBarView.swift in Sources */,
				49468250272FA61800C92AEE /* TrendsView.swift in Sources */,
				4495345F2733B79D00CADA9F /* RegionModel.swift in Sources */,
				44B3B4EA273D03AD006829E8 /* ContohViewModel.swift in Sources */,
				4946825B272FBD2000C92AEE /* WatchListView.swift in Sources */,
				44FB2AF12742D63C00231317 /* Request+News.swift in Sources */,
				E75B3F9F2743DFB800989409 /* AppearanceSection.swift in Sources */,
				E7A0410A2738D16B00B20B99 /* BarChart.swift in Sources */,
				4E15B5B027425EB800F5C0CF /* CasesModel.swift in Sources */,
				44558F0F2728688F00DEE0EF /* NaticsApp.swift in Sources */,
				0C651E8F27415A7800C51692 /* Interface+WatchList.swift in Sources */,
				49468254272FA63400C92AEE /* SettingsView.swift in Sources */,
				4E15B5B32742680600F5C0CF /* CasesViewModel.swift in Sources */,
				4EDD0328273A64C000647011 /* CasesTableRow.swift in Sources */,
				44953453273280AD00CADA9F /* Extension+Encodable.swift in Sources */,
			);
			runOnlyForDeploymentPostprocessing = 0;
		};
/* End PBXSourcesBuildPhase section */

/* Begin XCBuildConfiguration section */
		44558F182728689100DEE0EF /* Debug */ = {
			isa = XCBuildConfiguration;
			buildSettings = {
				ALWAYS_SEARCH_USER_PATHS = NO;
				CLANG_ANALYZER_NONNULL = YES;
				CLANG_ANALYZER_NUMBER_OBJECT_CONVERSION = YES_AGGRESSIVE;
				CLANG_CXX_LANGUAGE_STANDARD = "gnu++17";
				CLANG_CXX_LIBRARY = "libc++";
				CLANG_ENABLE_MODULES = YES;
				CLANG_ENABLE_OBJC_ARC = YES;
				CLANG_ENABLE_OBJC_WEAK = YES;
				CLANG_WARN_BLOCK_CAPTURE_AUTORELEASING = YES;
				CLANG_WARN_BOOL_CONVERSION = YES;
				CLANG_WARN_COMMA = YES;
				CLANG_WARN_CONSTANT_CONVERSION = YES;
				CLANG_WARN_DEPRECATED_OBJC_IMPLEMENTATIONS = YES;
				CLANG_WARN_DIRECT_OBJC_ISA_USAGE = YES_ERROR;
				CLANG_WARN_DOCUMENTATION_COMMENTS = YES;
				CLANG_WARN_EMPTY_BODY = YES;
				CLANG_WARN_ENUM_CONVERSION = YES;
				CLANG_WARN_INFINITE_RECURSION = YES;
				CLANG_WARN_INT_CONVERSION = YES;
				CLANG_WARN_NON_LITERAL_NULL_CONVERSION = YES;
				CLANG_WARN_OBJC_IMPLICIT_RETAIN_SELF = YES;
				CLANG_WARN_OBJC_LITERAL_CONVERSION = YES;
				CLANG_WARN_OBJC_ROOT_CLASS = YES_ERROR;
				CLANG_WARN_QUOTED_INCLUDE_IN_FRAMEWORK_HEADER = YES;
				CLANG_WARN_RANGE_LOOP_ANALYSIS = YES;
				CLANG_WARN_STRICT_PROTOTYPES = YES;
				CLANG_WARN_SUSPICIOUS_MOVE = YES;
				CLANG_WARN_UNGUARDED_AVAILABILITY = YES_AGGRESSIVE;
				CLANG_WARN_UNREACHABLE_CODE = YES;
				CLANG_WARN__DUPLICATE_METHOD_MATCH = YES;
				COPY_PHASE_STRIP = NO;
				DEBUG_INFORMATION_FORMAT = dwarf;
				ENABLE_STRICT_OBJC_MSGSEND = YES;
				ENABLE_TESTABILITY = YES;
				GCC_C_LANGUAGE_STANDARD = gnu11;
				GCC_DYNAMIC_NO_PIC = NO;
				GCC_NO_COMMON_BLOCKS = YES;
				GCC_OPTIMIZATION_LEVEL = 0;
				GCC_PREPROCESSOR_DEFINITIONS = (
					"DEBUG=1",
					"$(inherited)",
				);
				GCC_WARN_64_TO_32_BIT_CONVERSION = YES;
				GCC_WARN_ABOUT_RETURN_TYPE = YES_ERROR;
				GCC_WARN_UNDECLARED_SELECTOR = YES;
				GCC_WARN_UNINITIALIZED_AUTOS = YES_AGGRESSIVE;
				GCC_WARN_UNUSED_FUNCTION = YES;
				GCC_WARN_UNUSED_VARIABLE = YES;
				MACOSX_DEPLOYMENT_TARGET = 11.3;
				MTL_ENABLE_DEBUG_INFO = INCLUDE_SOURCE;
				MTL_FAST_MATH = YES;
				ONLY_ACTIVE_ARCH = YES;
				SDKROOT = macosx;
				SWIFT_ACTIVE_COMPILATION_CONDITIONS = DEBUG;
				SWIFT_OPTIMIZATION_LEVEL = "-Onone";
			};
			name = Debug;
		};
		44558F192728689100DEE0EF /* Release */ = {
			isa = XCBuildConfiguration;
			buildSettings = {
				ALWAYS_SEARCH_USER_PATHS = NO;
				CLANG_ANALYZER_NONNULL = YES;
				CLANG_ANALYZER_NUMBER_OBJECT_CONVERSION = YES_AGGRESSIVE;
				CLANG_CXX_LANGUAGE_STANDARD = "gnu++17";
				CLANG_CXX_LIBRARY = "libc++";
				CLANG_ENABLE_MODULES = YES;
				CLANG_ENABLE_OBJC_ARC = YES;
				CLANG_ENABLE_OBJC_WEAK = YES;
				CLANG_WARN_BLOCK_CAPTURE_AUTORELEASING = YES;
				CLANG_WARN_BOOL_CONVERSION = YES;
				CLANG_WARN_COMMA = YES;
				CLANG_WARN_CONSTANT_CONVERSION = YES;
				CLANG_WARN_DEPRECATED_OBJC_IMPLEMENTATIONS = YES;
				CLANG_WARN_DIRECT_OBJC_ISA_USAGE = YES_ERROR;
				CLANG_WARN_DOCUMENTATION_COMMENTS = YES;
				CLANG_WARN_EMPTY_BODY = YES;
				CLANG_WARN_ENUM_CONVERSION = YES;
				CLANG_WARN_INFINITE_RECURSION = YES;
				CLANG_WARN_INT_CONVERSION = YES;
				CLANG_WARN_NON_LITERAL_NULL_CONVERSION = YES;
				CLANG_WARN_OBJC_IMPLICIT_RETAIN_SELF = YES;
				CLANG_WARN_OBJC_LITERAL_CONVERSION = YES;
				CLANG_WARN_OBJC_ROOT_CLASS = YES_ERROR;
				CLANG_WARN_QUOTED_INCLUDE_IN_FRAMEWORK_HEADER = YES;
				CLANG_WARN_RANGE_LOOP_ANALYSIS = YES;
				CLANG_WARN_STRICT_PROTOTYPES = YES;
				CLANG_WARN_SUSPICIOUS_MOVE = YES;
				CLANG_WARN_UNGUARDED_AVAILABILITY = YES_AGGRESSIVE;
				CLANG_WARN_UNREACHABLE_CODE = YES;
				CLANG_WARN__DUPLICATE_METHOD_MATCH = YES;
				COPY_PHASE_STRIP = NO;
				DEBUG_INFORMATION_FORMAT = "dwarf-with-dsym";
				ENABLE_NS_ASSERTIONS = NO;
				ENABLE_STRICT_OBJC_MSGSEND = YES;
				GCC_C_LANGUAGE_STANDARD = gnu11;
				GCC_NO_COMMON_BLOCKS = YES;
				GCC_WARN_64_TO_32_BIT_CONVERSION = YES;
				GCC_WARN_ABOUT_RETURN_TYPE = YES_ERROR;
				GCC_WARN_UNDECLARED_SELECTOR = YES;
				GCC_WARN_UNINITIALIZED_AUTOS = YES_AGGRESSIVE;
				GCC_WARN_UNUSED_FUNCTION = YES;
				GCC_WARN_UNUSED_VARIABLE = YES;
				MACOSX_DEPLOYMENT_TARGET = 11.3;
				MTL_ENABLE_DEBUG_INFO = NO;
				MTL_FAST_MATH = YES;
				SDKROOT = macosx;
				SWIFT_COMPILATION_MODE = wholemodule;
				SWIFT_OPTIMIZATION_LEVEL = "-O";
			};
			name = Release;
		};
		44558F1B2728689100DEE0EF /* Debug */ = {
			isa = XCBuildConfiguration;
			buildSettings = {
				ASSETCATALOG_COMPILER_APPICON_NAME = AppIcon;
				ASSETCATALOG_COMPILER_GLOBAL_ACCENT_COLOR_NAME = AccentColor;
				CODE_SIGN_ENTITLEMENTS = Natics/Natics.entitlements;
				CODE_SIGN_STYLE = Automatic;
				COMBINE_HIDPI_IMAGES = YES;
				CURRENT_PROJECT_VERSION = 1;
				DEVELOPMENT_ASSET_PATHS = "\"Natics/Preview Content\"";
				DEVELOPMENT_TEAM = A226GG3668;
				ENABLE_HARDENED_RUNTIME = YES;
				ENABLE_PREVIEWS = YES;
				GENERATE_INFOPLIST_FILE = YES;
				INFOPLIST_KEY_NSHumanReadableCopyright = "";
				LD_RUNPATH_SEARCH_PATHS = (
					"$(inherited)",
					"@executable_path/../Frameworks",
				);
				MACOSX_DEPLOYMENT_TARGET = 11.0;
				MARKETING_VERSION = 1.0;
				PRODUCT_BUNDLE_IDENTIFIER = natics.Natics;
				PRODUCT_NAME = "$(TARGET_NAME)";
				SWIFT_EMIT_LOC_STRINGS = YES;
				SWIFT_VERSION = 5.0;
			};
			name = Debug;
		};
		44558F1C2728689100DEE0EF /* Release */ = {
			isa = XCBuildConfiguration;
			buildSettings = {
				ASSETCATALOG_COMPILER_APPICON_NAME = AppIcon;
				ASSETCATALOG_COMPILER_GLOBAL_ACCENT_COLOR_NAME = AccentColor;
				CODE_SIGN_ENTITLEMENTS = Natics/Natics.entitlements;
				CODE_SIGN_STYLE = Automatic;
				COMBINE_HIDPI_IMAGES = YES;
				CURRENT_PROJECT_VERSION = 1;
				DEVELOPMENT_ASSET_PATHS = "\"Natics/Preview Content\"";
				DEVELOPMENT_TEAM = A226GG3668;
				ENABLE_HARDENED_RUNTIME = YES;
				ENABLE_PREVIEWS = YES;
				GENERATE_INFOPLIST_FILE = YES;
				INFOPLIST_KEY_NSHumanReadableCopyright = "";
				LD_RUNPATH_SEARCH_PATHS = (
					"$(inherited)",
					"@executable_path/../Frameworks",
				);
				MACOSX_DEPLOYMENT_TARGET = 11.0;
				MARKETING_VERSION = 1.0;
				PRODUCT_BUNDLE_IDENTIFIER = natics.Natics;
				PRODUCT_NAME = "$(TARGET_NAME)";
				SWIFT_EMIT_LOC_STRINGS = YES;
				SWIFT_VERSION = 5.0;
			};
			name = Release;
		};
/* End XCBuildConfiguration section */

/* Begin XCConfigurationList section */
		44558F062728688F00DEE0EF /* Build configuration list for PBXProject "Natics" */ = {
			isa = XCConfigurationList;
			buildConfigurations = (
				44558F182728689100DEE0EF /* Debug */,
				44558F192728689100DEE0EF /* Release */,
			);
			defaultConfigurationIsVisible = 0;
			defaultConfigurationName = Release;
		};
		44558F1A2728689100DEE0EF /* Build configuration list for PBXNativeTarget "Natics" */ = {
			isa = XCConfigurationList;
			buildConfigurations = (
				44558F1B2728689100DEE0EF /* Debug */,
				44558F1C2728689100DEE0EF /* Release */,
			);
			defaultConfigurationIsVisible = 0;
			defaultConfigurationName = Release;
		};
/* End XCConfigurationList section */

/* Begin XCRemoteSwiftPackageReference section */
		44DE84C327371CD10034DBA2 /* XCRemoteSwiftPackageReference "Charts" */ = {
			isa = XCRemoteSwiftPackageReference;
			repositoryURL = "https://github.com/danielgindi/Charts";
			requirement = {
				kind = upToNextMajorVersion;
				minimumVersion = 3.6.0;
			};
		};
		4EFE0A8F2762005800D596EF /* XCRemoteSwiftPackageReference "push-notifications-swift" */ = {
			isa = XCRemoteSwiftPackageReference;
			repositoryURL = "https://github.com/pusher/push-notifications-swift";
			requirement = {
				kind = upToNextMajorVersion;
				minimumVersion = 4.0.0;
			};
		};
/* End XCRemoteSwiftPackageReference section */

/* Begin XCSwiftPackageProductDependency section */
		44DE84C427371CD10034DBA2 /* Charts */ = {
			isa = XCSwiftPackageProductDependency;
			package = 44DE84C327371CD10034DBA2 /* XCRemoteSwiftPackageReference "Charts" */;
			productName = Charts;
		};
		4EFE0A902762005800D596EF /* PushNotifications */ = {
			isa = XCSwiftPackageProductDependency;
			package = 4EFE0A8F2762005800D596EF /* XCRemoteSwiftPackageReference "push-notifications-swift" */;
			productName = PushNotifications;
		};
/* End XCSwiftPackageProductDependency section */
	};
	rootObject = 44558F032728688F00DEE0EF /* Project object */;
}
