// !$*UTF8*$!
{
	archiveVersion = 1;
	classes = {
	};
	objectVersion = 55;
	objects = {

/* Begin PBXBuildFile section */
		440DD5FC272E97BD00758AD9 /* Model.swift in Sources */ = {isa = PBXBuildFile; fileRef = 440DD5FB272E97BD00758AD9 /* Model.swift */; };
		440DD603272E982D00758AD9 /* VMGlobal.swift in Sources */ = {isa = PBXBuildFile; fileRef = 440DD602272E982D00758AD9 /* VMGlobal.swift */; };
		440DD606272E984F00758AD9 /* Components1.swift in Sources */ = {isa = PBXBuildFile; fileRef = 440DD605272E984F00758AD9 /* Components1.swift */; };
		4454BDE3272F9C9D0012E4A4 /* Extension+Color.swift in Sources */ = {isa = PBXBuildFile; fileRef = 4454BDE2272F9C9D0012E4A4 /* Extension+Color.swift */; };
		4454BDE8272FA6600012E4A4 /* Constants.swift in Sources */ = {isa = PBXBuildFile; fileRef = 4454BDE7272FA6600012E4A4 /* Constants.swift */; };
		44558F0F2728688F00DEE0EF /* NaticsApp.swift in Sources */ = {isa = PBXBuildFile; fileRef = 44558F0E2728688F00DEE0EF /* NaticsApp.swift */; };
		44558F112728688F00DEE0EF /* ContentView.swift in Sources */ = {isa = PBXBuildFile; fileRef = 44558F102728688F00DEE0EF /* ContentView.swift */; };
		44558F132728689100DEE0EF /* Assets.xcassets in Resources */ = {isa = PBXBuildFile; fileRef = 44558F122728689100DEE0EF /* Assets.xcassets */; };
		44558F162728689100DEE0EF /* Preview Assets.xcassets in Resources */ = {isa = PBXBuildFile; fileRef = 44558F152728689100DEE0EF /* Preview Assets.xcassets */; };
		4946825E273067FE00C92AEE /* ExportButton.swift in Sources */ = {isa = PBXBuildFile; fileRef = 4946825D273067FE00C92AEE /* ExportButton.swift */; };
		494682632730682800C92AEE /* TrendsViewModel.swift in Sources */ = {isa = PBXBuildFile; fileRef = 4946825F2730682800C92AEE /* TrendsViewModel.swift */; };
		494682642730682800C92AEE /* HeatMapViewModel.swift in Sources */ = {isa = PBXBuildFile; fileRef = 494682602730682800C92AEE /* HeatMapViewModel.swift */; };
		494682652730682800C92AEE /* HeatMapModel.swift in Sources */ = {isa = PBXBuildFile; fileRef = 494682612730682800C92AEE /* HeatMapModel.swift */; };
		494682662730682800C92AEE /* LocationBarChartView.swift in Sources */ = {isa = PBXBuildFile; fileRef = 494682622730682800C92AEE /* LocationBarChartView.swift */; };
		494682682730684200C92AEE /* IndonesiaGeoJSONProvinces.geojson in Resources */ = {isa = PBXBuildFile; fileRef = 494682672730684200C92AEE /* IndonesiaGeoJSONProvinces.geojson */; };
		4946826A2730684F00C92AEE /* GeoJSON.swift in Sources */ = {isa = PBXBuildFile; fileRef = 494682692730684F00C92AEE /* GeoJSON.swift */; };
		4946826E27306C1100C92AEE /* Charts in Frameworks */ = {isa = PBXBuildFile; productRef = 4946826D27306C1100C92AEE /* Charts */; };
		498906E72732CA6000773602 /* MapEvent.swift in Sources */ = {isa = PBXBuildFile; fileRef = 498906E62732CA6000773602 /* MapEvent.swift */; };
		498906E92732CAA500773602 /* MapLegendIndicator.swift in Sources */ = {isa = PBXBuildFile; fileRef = 498906E82732CAA500773602 /* MapLegendIndicator.swift */; };
/* End PBXBuildFile section */

/* Begin PBXFileReference section */
		440DD5FB272E97BD00758AD9 /* Model.swift */ = {isa = PBXFileReference; lastKnownFileType = sourcecode.swift; path = Model.swift; sourceTree = "<group>"; };
		440DD602272E982D00758AD9 /* VMGlobal.swift */ = {isa = PBXFileReference; lastKnownFileType = sourcecode.swift; path = VMGlobal.swift; sourceTree = "<group>"; };
		440DD605272E984F00758AD9 /* Components1.swift */ = {isa = PBXFileReference; lastKnownFileType = sourcecode.swift; path = Components1.swift; sourceTree = "<group>"; };
		4454BDE2272F9C9D0012E4A4 /* Extension+Color.swift */ = {isa = PBXFileReference; lastKnownFileType = sourcecode.swift; path = "Extension+Color.swift"; sourceTree = "<group>"; };
		4454BDE7272FA6600012E4A4 /* Constants.swift */ = {isa = PBXFileReference; lastKnownFileType = sourcecode.swift; path = Constants.swift; sourceTree = "<group>"; };
		44558F0B2728688F00DEE0EF /* Natics.app */ = {isa = PBXFileReference; explicitFileType = wrapper.application; includeInIndex = 0; path = Natics.app; sourceTree = BUILT_PRODUCTS_DIR; };
		44558F0E2728688F00DEE0EF /* NaticsApp.swift */ = {isa = PBXFileReference; lastKnownFileType = sourcecode.swift; path = NaticsApp.swift; sourceTree = "<group>"; };
		44558F102728688F00DEE0EF /* ContentView.swift */ = {isa = PBXFileReference; lastKnownFileType = sourcecode.swift; path = ContentView.swift; sourceTree = "<group>"; };
		44558F122728689100DEE0EF /* Assets.xcassets */ = {isa = PBXFileReference; lastKnownFileType = folder.assetcatalog; path = Assets.xcassets; sourceTree = "<group>"; };
		44558F152728689100DEE0EF /* Preview Assets.xcassets */ = {isa = PBXFileReference; lastKnownFileType = folder.assetcatalog; path = "Preview Assets.xcassets"; sourceTree = "<group>"; };
		44558F172728689100DEE0EF /* Natics.entitlements */ = {isa = PBXFileReference; lastKnownFileType = text.plist.entitlements; path = Natics.entitlements; sourceTree = "<group>"; };
		4946825D273067FE00C92AEE /* ExportButton.swift */ = {isa = PBXFileReference; fileEncoding = 4; lastKnownFileType = sourcecode.swift; path = ExportButton.swift; sourceTree = "<group>"; };
		4946825F2730682800C92AEE /* TrendsViewModel.swift */ = {isa = PBXFileReference; fileEncoding = 4; lastKnownFileType = sourcecode.swift; path = TrendsViewModel.swift; sourceTree = "<group>"; };
		494682602730682800C92AEE /* HeatMapViewModel.swift */ = {isa = PBXFileReference; fileEncoding = 4; lastKnownFileType = sourcecode.swift; path = HeatMapViewModel.swift; sourceTree = "<group>"; };
		494682612730682800C92AEE /* HeatMapModel.swift */ = {isa = PBXFileReference; fileEncoding = 4; lastKnownFileType = sourcecode.swift; path = HeatMapModel.swift; sourceTree = "<group>"; };
		494682622730682800C92AEE /* LocationBarChartView.swift */ = {isa = PBXFileReference; fileEncoding = 4; lastKnownFileType = sourcecode.swift; path = LocationBarChartView.swift; sourceTree = "<group>"; };
		494682672730684200C92AEE /* IndonesiaGeoJSONProvinces.geojson */ = {isa = PBXFileReference; fileEncoding = 4; lastKnownFileType = text; path = IndonesiaGeoJSONProvinces.geojson; sourceTree = "<group>"; };
		494682692730684F00C92AEE /* GeoJSON.swift */ = {isa = PBXFileReference; fileEncoding = 4; lastKnownFileType = sourcecode.swift; path = GeoJSON.swift; sourceTree = "<group>"; };
		498906E62732CA6000773602 /* MapEvent.swift */ = {isa = PBXFileReference; fileEncoding = 4; lastKnownFileType = sourcecode.swift; path = MapEvent.swift; sourceTree = "<group>"; };
		498906E82732CAA500773602 /* MapLegendIndicator.swift */ = {isa = PBXFileReference; fileEncoding = 4; lastKnownFileType = sourcecode.swift; path = MapLegendIndicator.swift; sourceTree = "<group>"; };
/* End PBXFileReference section */

/* Begin PBXFrameworksBuildPhase section */
		44558F082728688F00DEE0EF /* Frameworks */ = {
			isa = PBXFrameworksBuildPhase;
			buildActionMask = 2147483647;
			files = (
				4946826E27306C1100C92AEE /* Charts in Frameworks */,
			);
			runOnlyForDeploymentPostprocessing = 0;
		};
/* End PBXFrameworksBuildPhase section */

/* Begin PBXGroup section */
		440DD5FA272E97A800758AD9 /* Models */ = {
			isa = PBXGroup;
			children = (
				440DD5FB272E97BD00758AD9 /* Model.swift */,
			);
			path = Models;
			sourceTree = "<group>";
		};
		440DD5FD272E97D100758AD9 /* Features */ = {
			isa = PBXGroup;
			children = (
				4946825C2730679500C92AEE /* HeatMapView */,
				440DD5FE272E97DA00758AD9 /* Components */,
			);
			path = Features;
			sourceTree = "<group>";
		};
		440DD5FE272E97DA00758AD9 /* Components */ = {
			isa = PBXGroup;
			children = (
				4946825D273067FE00C92AEE /* ExportButton.swift */,
				498906E82732CAA500773602 /* MapLegendIndicator.swift */,
				440DD604272E983B00758AD9 /* Components1 */,
			);
			path = Components;
			sourceTree = "<group>";
		};
		440DD601272E981B00758AD9 /* ViewModels */ = {
			isa = PBXGroup;
			children = (
				494682602730682800C92AEE /* HeatMapViewModel.swift */,
				4946825F2730682800C92AEE /* TrendsViewModel.swift */,
				494682692730684F00C92AEE /* GeoJSON.swift */,
				440DD602272E982D00758AD9 /* VMGlobal.swift */,
			);
			path = ViewModels;
			sourceTree = "<group>";
		};
		440DD604272E983B00758AD9 /* Components1 */ = {
			isa = PBXGroup;
			children = (
				440DD605272E984F00758AD9 /* Components1.swift */,
			);
			path = Components1;
			sourceTree = "<group>";
		};
		4454BDE0272F9BD20012E4A4 /* Util */ = {
			isa = PBXGroup;
			children = (
				4454BDE7272FA6600012E4A4 /* Constants.swift */,
				498906E62732CA6000773602 /* MapEvent.swift */,
			);
			path = Util;
			sourceTree = "<group>";
		};
		4454BDE1272F9C760012E4A4 /* Extension */ = {
			isa = PBXGroup;
			children = (
				4454BDE2272F9C9D0012E4A4 /* Extension+Color.swift */,
			);
			path = Extension;
			sourceTree = "<group>";
		};
		44558F022728688F00DEE0EF = {
			isa = PBXGroup;
			children = (
				44558F0D2728688F00DEE0EF /* Natics */,
				44558F0C2728688F00DEE0EF /* Products */,
			);
			sourceTree = "<group>";
		};
		44558F0C2728688F00DEE0EF /* Products */ = {
			isa = PBXGroup;
			children = (
				44558F0B2728688F00DEE0EF /* Natics.app */,
			);
			name = Products;
			sourceTree = "<group>";
		};
		44558F0D2728688F00DEE0EF /* Natics */ = {
			isa = PBXGroup;
			children = (
				4454BDE1272F9C760012E4A4 /* Extension */,
				4454BDE0272F9BD20012E4A4 /* Util */,
				440DD601272E981B00758AD9 /* ViewModels */,
				440DD5FD272E97D100758AD9 /* Features */,
				440DD5FA272E97A800758AD9 /* Models */,
				44558F0E2728688F00DEE0EF /* NaticsApp.swift */,
				44558F102728688F00DEE0EF /* ContentView.swift */,
				494682672730684200C92AEE /* IndonesiaGeoJSONProvinces.geojson */,
				44558F122728689100DEE0EF /* Assets.xcassets */,
				44558F172728689100DEE0EF /* Natics.entitlements */,
				44558F142728689100DEE0EF /* Preview Content */,
			);
			path = Natics;
			sourceTree = "<group>";
		};
		44558F142728689100DEE0EF /* Preview Content */ = {
			isa = PBXGroup;
			children = (
				44558F152728689100DEE0EF /* Preview Assets.xcassets */,
			);
			path = "Preview Content";
			sourceTree = "<group>";
		};
		4946825C2730679500C92AEE /* HeatMapView */ = {
			isa = PBXGroup;
			children = (
				494682612730682800C92AEE /* HeatMapModel.swift */,
				494682622730682800C92AEE /* LocationBarChartView.swift */,
			);
			path = HeatMapView;
			sourceTree = "<group>";
		};
/* End PBXGroup section */

/* Begin PBXNativeTarget section */
		44558F0A2728688F00DEE0EF /* Natics */ = {
			isa = PBXNativeTarget;
			buildConfigurationList = 44558F1A2728689100DEE0EF /* Build configuration list for PBXNativeTarget "Natics" */;
			buildPhases = (
				44558F072728688F00DEE0EF /* Sources */,
				44558F082728688F00DEE0EF /* Frameworks */,
				44558F092728688F00DEE0EF /* Resources */,
			);
			buildRules = (
			);
			dependencies = (
			);
			name = Natics;
			packageProductDependencies = (
				4946826D27306C1100C92AEE /* Charts */,
			);
			productName = Natics;
			productReference = 44558F0B2728688F00DEE0EF /* Natics.app */;
			productType = "com.apple.product-type.application";
		};
/* End PBXNativeTarget section */

/* Begin PBXProject section */
		44558F032728688F00DEE0EF /* Project object */ = {
			isa = PBXProject;
			attributes = {
				BuildIndependentTargetsInParallel = 1;
				LastSwiftUpdateCheck = 1300;
				LastUpgradeCheck = 1300;
				TargetAttributes = {
					44558F0A2728688F00DEE0EF = {
						CreatedOnToolsVersion = 13.0;
					};
				};
			};
			buildConfigurationList = 44558F062728688F00DEE0EF /* Build configuration list for PBXProject "Natics" */;
			compatibilityVersion = "Xcode 13.0";
			developmentRegion = en;
			hasScannedForEncodings = 0;
			knownRegions = (
				en,
				Base,
			);
			mainGroup = 44558F022728688F00DEE0EF;
			packageReferences = (
				4946826C27306C1100C92AEE /* XCRemoteSwiftPackageReference "Charts" */,
			);
			productRefGroup = 44558F0C2728688F00DEE0EF /* Products */;
			projectDirPath = "";
			projectRoot = "";
			targets = (
				44558F0A2728688F00DEE0EF /* Natics */,
			);
		};
/* End PBXProject section */

/* Begin PBXResourcesBuildPhase section */
		44558F092728688F00DEE0EF /* Resources */ = {
			isa = PBXResourcesBuildPhase;
			buildActionMask = 2147483647;
			files = (
				44558F162728689100DEE0EF /* Preview Assets.xcassets in Resources */,
				44558F132728689100DEE0EF /* Assets.xcassets in Resources */,
				494682682730684200C92AEE /* IndonesiaGeoJSONProvinces.geojson in Resources */,
			);
			runOnlyForDeploymentPostprocessing = 0;
		};
/* End PBXResourcesBuildPhase section */

/* Begin PBXSourcesBuildPhase section */
		44558F072728688F00DEE0EF /* Sources */ = {
			isa = PBXSourcesBuildPhase;
			buildActionMask = 2147483647;
			files = (
				494682662730682800C92AEE /* LocationBarChartView.swift in Sources */,
				440DD5FC272E97BD00758AD9 /* Model.swift in Sources */,
				4454BDE3272F9C9D0012E4A4 /* Extension+Color.swift in Sources */,
				440DD603272E982D00758AD9 /* VMGlobal.swift in Sources */,
				4946825E273067FE00C92AEE /* ExportButton.swift in Sources */,
				4946826A2730684F00C92AEE /* GeoJSON.swift in Sources */,
				440DD606272E984F00758AD9 /* Components1.swift in Sources */,
				494682642730682800C92AEE /* HeatMapViewModel.swift in Sources */,
				4454BDE8272FA6600012E4A4 /* Constants.swift in Sources */,
				494682632730682800C92AEE /* TrendsViewModel.swift in Sources */,
				44558F112728688F00DEE0EF /* ContentView.swift in Sources */,
				498906E72732CA6000773602 /* MapEvent.swift in Sources */,
				44558F0F2728688F00DEE0EF /* NaticsApp.swift in Sources */,
				498906E92732CAA500773602 /* MapLegendIndicator.swift in Sources */,
				494682652730682800C92AEE /* HeatMapModel.swift in Sources */,
			);
			runOnlyForDeploymentPostprocessing = 0;
		};
/* End PBXSourcesBuildPhase section */

/* Begin XCBuildConfiguration section */
		44558F182728689100DEE0EF /* Debug */ = {
			isa = XCBuildConfiguration;
			buildSettings = {
				ALWAYS_SEARCH_USER_PATHS = NO;
				CLANG_ANALYZER_NONNULL = YES;
				CLANG_ANALYZER_NUMBER_OBJECT_CONVERSION = YES_AGGRESSIVE;
				CLANG_CXX_LANGUAGE_STANDARD = "gnu++17";
				CLANG_CXX_LIBRARY = "libc++";
				CLANG_ENABLE_MODULES = YES;
				CLANG_ENABLE_OBJC_ARC = YES;
				CLANG_ENABLE_OBJC_WEAK = YES;
				CLANG_WARN_BLOCK_CAPTURE_AUTORELEASING = YES;
				CLANG_WARN_BOOL_CONVERSION = YES;
				CLANG_WARN_COMMA = YES;
				CLANG_WARN_CONSTANT_CONVERSION = YES;
				CLANG_WARN_DEPRECATED_OBJC_IMPLEMENTATIONS = YES;
				CLANG_WARN_DIRECT_OBJC_ISA_USAGE = YES_ERROR;
				CLANG_WARN_DOCUMENTATION_COMMENTS = YES;
				CLANG_WARN_EMPTY_BODY = YES;
				CLANG_WARN_ENUM_CONVERSION = YES;
				CLANG_WARN_INFINITE_RECURSION = YES;
				CLANG_WARN_INT_CONVERSION = YES;
				CLANG_WARN_NON_LITERAL_NULL_CONVERSION = YES;
				CLANG_WARN_OBJC_IMPLICIT_RETAIN_SELF = YES;
				CLANG_WARN_OBJC_LITERAL_CONVERSION = YES;
				CLANG_WARN_OBJC_ROOT_CLASS = YES_ERROR;
				CLANG_WARN_QUOTED_INCLUDE_IN_FRAMEWORK_HEADER = YES;
				CLANG_WARN_RANGE_LOOP_ANALYSIS = YES;
				CLANG_WARN_STRICT_PROTOTYPES = YES;
				CLANG_WARN_SUSPICIOUS_MOVE = YES;
				CLANG_WARN_UNGUARDED_AVAILABILITY = YES_AGGRESSIVE;
				CLANG_WARN_UNREACHABLE_CODE = YES;
				CLANG_WARN__DUPLICATE_METHOD_MATCH = YES;
				COPY_PHASE_STRIP = NO;
				DEBUG_INFORMATION_FORMAT = dwarf;
				ENABLE_STRICT_OBJC_MSGSEND = YES;
				ENABLE_TESTABILITY = YES;
				GCC_C_LANGUAGE_STANDARD = gnu11;
				GCC_DYNAMIC_NO_PIC = NO;
				GCC_NO_COMMON_BLOCKS = YES;
				GCC_OPTIMIZATION_LEVEL = 0;
				GCC_PREPROCESSOR_DEFINITIONS = (
					"DEBUG=1",
					"$(inherited)",
				);
				GCC_WARN_64_TO_32_BIT_CONVERSION = YES;
				GCC_WARN_ABOUT_RETURN_TYPE = YES_ERROR;
				GCC_WARN_UNDECLARED_SELECTOR = YES;
				GCC_WARN_UNINITIALIZED_AUTOS = YES_AGGRESSIVE;
				GCC_WARN_UNUSED_FUNCTION = YES;
				GCC_WARN_UNUSED_VARIABLE = YES;
				MACOSX_DEPLOYMENT_TARGET = 11.3;
				MTL_ENABLE_DEBUG_INFO = INCLUDE_SOURCE;
				MTL_FAST_MATH = YES;
				ONLY_ACTIVE_ARCH = YES;
				SDKROOT = macosx;
				SWIFT_ACTIVE_COMPILATION_CONDITIONS = DEBUG;
				SWIFT_OPTIMIZATION_LEVEL = "-Onone";
			};
			name = Debug;
		};
		44558F192728689100DEE0EF /* Release */ = {
			isa = XCBuildConfiguration;
			buildSettings = {
				ALWAYS_SEARCH_USER_PATHS = NO;
				CLANG_ANALYZER_NONNULL = YES;
				CLANG_ANALYZER_NUMBER_OBJECT_CONVERSION = YES_AGGRESSIVE;
				CLANG_CXX_LANGUAGE_STANDARD = "gnu++17";
				CLANG_CXX_LIBRARY = "libc++";
				CLANG_ENABLE_MODULES = YES;
				CLANG_ENABLE_OBJC_ARC = YES;
				CLANG_ENABLE_OBJC_WEAK = YES;
				CLANG_WARN_BLOCK_CAPTURE_AUTORELEASING = YES;
				CLANG_WARN_BOOL_CONVERSION = YES;
				CLANG_WARN_COMMA = YES;
				CLANG_WARN_CONSTANT_CONVERSION = YES;
				CLANG_WARN_DEPRECATED_OBJC_IMPLEMENTATIONS = YES;
				CLANG_WARN_DIRECT_OBJC_ISA_USAGE = YES_ERROR;
				CLANG_WARN_DOCUMENTATION_COMMENTS = YES;
				CLANG_WARN_EMPTY_BODY = YES;
				CLANG_WARN_ENUM_CONVERSION = YES;
				CLANG_WARN_INFINITE_RECURSION = YES;
				CLANG_WARN_INT_CONVERSION = YES;
				CLANG_WARN_NON_LITERAL_NULL_CONVERSION = YES;
				CLANG_WARN_OBJC_IMPLICIT_RETAIN_SELF = YES;
				CLANG_WARN_OBJC_LITERAL_CONVERSION = YES;
				CLANG_WARN_OBJC_ROOT_CLASS = YES_ERROR;
				CLANG_WARN_QUOTED_INCLUDE_IN_FRAMEWORK_HEADER = YES;
				CLANG_WARN_RANGE_LOOP_ANALYSIS = YES;
				CLANG_WARN_STRICT_PROTOTYPES = YES;
				CLANG_WARN_SUSPICIOUS_MOVE = YES;
				CLANG_WARN_UNGUARDED_AVAILABILITY = YES_AGGRESSIVE;
				CLANG_WARN_UNREACHABLE_CODE = YES;
				CLANG_WARN__DUPLICATE_METHOD_MATCH = YES;
				COPY_PHASE_STRIP = NO;
				DEBUG_INFORMATION_FORMAT = "dwarf-with-dsym";
				ENABLE_NS_ASSERTIONS = NO;
				ENABLE_STRICT_OBJC_MSGSEND = YES;
				GCC_C_LANGUAGE_STANDARD = gnu11;
				GCC_NO_COMMON_BLOCKS = YES;
				GCC_WARN_64_TO_32_BIT_CONVERSION = YES;
				GCC_WARN_ABOUT_RETURN_TYPE = YES_ERROR;
				GCC_WARN_UNDECLARED_SELECTOR = YES;
				GCC_WARN_UNINITIALIZED_AUTOS = YES_AGGRESSIVE;
				GCC_WARN_UNUSED_FUNCTION = YES;
				GCC_WARN_UNUSED_VARIABLE = YES;
				MACOSX_DEPLOYMENT_TARGET = 11.3;
				MTL_ENABLE_DEBUG_INFO = NO;
				MTL_FAST_MATH = YES;
				SDKROOT = macosx;
				SWIFT_COMPILATION_MODE = wholemodule;
				SWIFT_OPTIMIZATION_LEVEL = "-O";
			};
			name = Release;
		};
		44558F1B2728689100DEE0EF /* Debug */ = {
			isa = XCBuildConfiguration;
			buildSettings = {
				ASSETCATALOG_COMPILER_APPICON_NAME = AppIcon;
				ASSETCATALOG_COMPILER_GLOBAL_ACCENT_COLOR_NAME = AccentColor;
				CODE_SIGN_ENTITLEMENTS = Natics/Natics.entitlements;
				CODE_SIGN_STYLE = Automatic;
				COMBINE_HIDPI_IMAGES = YES;
				CURRENT_PROJECT_VERSION = 1;
				DEVELOPMENT_ASSET_PATHS = "\"Natics/Preview Content\"";
				DEVELOPMENT_TEAM = TATAZHHLZ7;
				ENABLE_HARDENED_RUNTIME = YES;
				ENABLE_PREVIEWS = YES;
				GENERATE_INFOPLIST_FILE = YES;
				INFOPLIST_KEY_NSHumanReadableCopyright = "";
				LD_RUNPATH_SEARCH_PATHS = (
					"$(inherited)",
					"@executable_path/../Frameworks",
				);
				MACOSX_DEPLOYMENT_TARGET = 11.0;
				MARKETING_VERSION = 1.0;
				PRODUCT_BUNDLE_IDENTIFIER = natics.Natics;
				PRODUCT_NAME = "$(TARGET_NAME)";
				SWIFT_EMIT_LOC_STRINGS = YES;
				SWIFT_VERSION = 5.0;
			};
			name = Debug;
		};
		44558F1C2728689100DEE0EF /* Release */ = {
			isa = XCBuildConfiguration;
			buildSettings = {
				ASSETCATALOG_COMPILER_APPICON_NAME = AppIcon;
				ASSETCATALOG_COMPILER_GLOBAL_ACCENT_COLOR_NAME = AccentColor;
				CODE_SIGN_ENTITLEMENTS = Natics/Natics.entitlements;
				CODE_SIGN_STYLE = Automatic;
				COMBINE_HIDPI_IMAGES = YES;
				CURRENT_PROJECT_VERSION = 1;
				DEVELOPMENT_ASSET_PATHS = "\"Natics/Preview Content\"";
				DEVELOPMENT_TEAM = TATAZHHLZ7;
				ENABLE_HARDENED_RUNTIME = YES;
				ENABLE_PREVIEWS = YES;
				GENERATE_INFOPLIST_FILE = YES;
				INFOPLIST_KEY_NSHumanReadableCopyright = "";
				LD_RUNPATH_SEARCH_PATHS = (
					"$(inherited)",
					"@executable_path/../Frameworks",
				);
				MACOSX_DEPLOYMENT_TARGET = 11.0;
				MARKETING_VERSION = 1.0;
				PRODUCT_BUNDLE_IDENTIFIER = natics.Natics;
				PRODUCT_NAME = "$(TARGET_NAME)";
				SWIFT_EMIT_LOC_STRINGS = YES;
				SWIFT_VERSION = 5.0;
			};
			name = Release;
		};
/* End XCBuildConfiguration section */

/* Begin XCConfigurationList section */
		44558F062728688F00DEE0EF /* Build configuration list for PBXProject "Natics" */ = {
			isa = XCConfigurationList;
			buildConfigurations = (
				44558F182728689100DEE0EF /* Debug */,
				44558F192728689100DEE0EF /* Release */,
			);
			defaultConfigurationIsVisible = 0;
			defaultConfigurationName = Release;
		};
		44558F1A2728689100DEE0EF /* Build configuration list for PBXNativeTarget "Natics" */ = {
			isa = XCConfigurationList;
			buildConfigurations = (
				44558F1B2728689100DEE0EF /* Debug */,
				44558F1C2728689100DEE0EF /* Release */,
			);
			defaultConfigurationIsVisible = 0;
			defaultConfigurationName = Release;
		};
/* End XCConfigurationList section */

/* Begin XCRemoteSwiftPackageReference section */
		4946826C27306C1100C92AEE /* XCRemoteSwiftPackageReference "Charts" */ = {
			isa = XCRemoteSwiftPackageReference;
			repositoryURL = "https://github.com/danielgindi/Charts";
			requirement = {
				kind = upToNextMajorVersion;
				minimumVersion = 3.6.0;
			};
		};
/* End XCRemoteSwiftPackageReference section */

/* Begin XCSwiftPackageProductDependency section */
		4946826D27306C1100C92AEE /* Charts */ = {
			isa = XCSwiftPackageProductDependency;
			package = 4946826C27306C1100C92AEE /* XCRemoteSwiftPackageReference "Charts" */;
			productName = Charts;
		};
/* End XCSwiftPackageProductDependency section */
	};
	rootObject = 44558F032728688F00DEE0EF /* Project object */;
}
